// !$*UTF8*$!
{
	archiveVersion = 1;
	classes = {
	};
	objectVersion = 46;
	objects = {

/* Begin PBXBuildFile section */
		519963801728536F00C85356 /* NSArray+Subscript.m in Sources */ = {isa = PBXBuildFile; fileRef = 519963761728536F00C85356 /* NSArray+Subscript.m */; };
		519963811728536F00C85356 /* NSDictionary+Subscript.m in Sources */ = {isa = PBXBuildFile; fileRef = 519963781728536F00C85356 /* NSDictionary+Subscript.m */; };
		519963821728536F00C85356 /* NSMutableArray+Subscript.m in Sources */ = {isa = PBXBuildFile; fileRef = 5199637A1728536F00C85356 /* NSMutableArray+Subscript.m */; };
		519963831728536F00C85356 /* NSMutableDictionary+Subscript.m in Sources */ = {isa = PBXBuildFile; fileRef = 5199637C1728536F00C85356 /* NSMutableDictionary+Subscript.m */; };
		890A4B43171F031300AFE577 /* AppKit.framework in Frameworks */ = {isa = PBXBuildFile; fileRef = 890A4B42171F031300AFE577 /* AppKit.framework */; };
		890A4B45171F031300AFE577 /* Foundation.framework in Frameworks */ = {isa = PBXBuildFile; fileRef = 890A4B44171F031300AFE577 /* Foundation.framework */; };
		890A4B4B171F031300AFE577 /* InfoPlist.strings in Resources */ = {isa = PBXBuildFile; fileRef = 890A4B49171F031300AFE577 /* InfoPlist.strings */; };
		890A4B4E171F031300AFE577 /* Alcatraz.m in Sources */ = {isa = PBXBuildFile; fileRef = 890A4B4D171F031300AFE577 /* Alcatraz.m */; };
		8917D9F31726B4EE00F0B2D2 /* ATZColorScheme.m in Sources */ = {isa = PBXBuildFile; fileRef = 8917D9E81726B4EE00F0B2D2 /* ATZColorScheme.m */; };
		8917D9F41726B4EE00F0B2D2 /* ATZFileTemplate.m in Sources */ = {isa = PBXBuildFile; fileRef = 8917D9EA1726B4EE00F0B2D2 /* ATZFileTemplate.m */; };
		8917D9F51726B4EE00F0B2D2 /* ATZPackage.m in Sources */ = {isa = PBXBuildFile; fileRef = 8917D9EC1726B4EE00F0B2D2 /* ATZPackage.m */; };
		8917D9F61726B4EE00F0B2D2 /* ATZPlugin.m in Sources */ = {isa = PBXBuildFile; fileRef = 8917D9EE1726B4EE00F0B2D2 /* ATZPlugin.m */; };
		8917D9F71726B4EE00F0B2D2 /* ATZProjectTemplate.m in Sources */ = {isa = PBXBuildFile; fileRef = 8917D9F01726B4EE00F0B2D2 /* ATZProjectTemplate.m */; };
		8917D9F81726B4EE00F0B2D2 /* ATZTemplate.m in Sources */ = {isa = PBXBuildFile; fileRef = 8917D9F21726B4EE00F0B2D2 /* ATZTemplate.m */; };
		8917DA051726B53000F0B2D2 /* ATZColorSchemeInstaller.m in Sources */ = {isa = PBXBuildFile; fileRef = 8917D9FB1726B53000F0B2D2 /* ATZColorSchemeInstaller.m */; };
		8917DA061726B53000F0B2D2 /* ATZFileTemplateInstaller.m in Sources */ = {isa = PBXBuildFile; fileRef = 8917D9FD1726B53000F0B2D2 /* ATZFileTemplateInstaller.m */; };
		8917DA071726B53000F0B2D2 /* ATZPluginInstaller.m in Sources */ = {isa = PBXBuildFile; fileRef = 8917DA001726B53000F0B2D2 /* ATZPluginInstaller.m */; };
		8917DA081726B53000F0B2D2 /* ATZProjectTemplateInstaller.m in Sources */ = {isa = PBXBuildFile; fileRef = 8917DA021726B53000F0B2D2 /* ATZProjectTemplateInstaller.m */; };
		8917DA091726B53000F0B2D2 /* ATZTemplateInstaller.m in Sources */ = {isa = PBXBuildFile; fileRef = 8917DA041726B53000F0B2D2 /* ATZTemplateInstaller.m */; };
		8917DA0D1726B57B00F0B2D2 /* NSFileManager+Alcatraz.m in Sources */ = {isa = PBXBuildFile; fileRef = 8917DA0C1726B57B00F0B2D2 /* NSFileManager+Alcatraz.m */; };
		8917DA101726B5BA00F0B2D2 /* ATZPackageFactory.m in Sources */ = {isa = PBXBuildFile; fileRef = 8917DA0F1726B5BA00F0B2D2 /* ATZPackageFactory.m */; };
		8917DA181726B63B00F0B2D2 /* ATZDownloader.m in Sources */ = {isa = PBXBuildFile; fileRef = 8917DA131726B63B00F0B2D2 /* ATZDownloader.m */; };
		8917DA191726B63B00F0B2D2 /* ATZGit.m in Sources */ = {isa = PBXBuildFile; fileRef = 8917DA151726B63B00F0B2D2 /* ATZGit.m */; };
		8917DA1A1726B63B00F0B2D2 /* ATZShell.m in Sources */ = {isa = PBXBuildFile; fileRef = 8917DA171726B63B00F0B2D2 /* ATZShell.m */; };
		89C4C686171F1B5C004A88E7 /* PluginWindow.xib in Resources */ = {isa = PBXBuildFile; fileRef = 89C4C685171F1B5C004A88E7 /* PluginWindow.xib */; };
		89D40AFC1721CBD600A67BB3 /* ATZPluginWindowController.m in Sources */ = {isa = PBXBuildFile; fileRef = 89D40AFB1721CBD600A67BB3 /* ATZPluginWindowController.m */; };
		8A0C0A4D1726C076006E7AD2 /* ATZStatusView.m in Sources */ = {isa = PBXBuildFile; fileRef = 8A0C0A4C1726C076006E7AD2 /* ATZStatusView.m */; };
		8A6EA57E1726D55300DAFE47 /* ATZProgressIndicator.m in Sources */ = {isa = PBXBuildFile; fileRef = 8A6EA57D1726D55300DAFE47 /* ATZProgressIndicator.m */; };
/* End PBXBuildFile section */

/* Begin PBXFileReference section */
		519963751728536F00C85356 /* NSArray+Subscript.h */ = {isa = PBXFileReference; fileEncoding = 4; lastKnownFileType = sourcecode.c.h; path = "NSArray+Subscript.h"; sourceTree = "<group>"; };
		519963761728536F00C85356 /* NSArray+Subscript.m */ = {isa = PBXFileReference; fileEncoding = 4; lastKnownFileType = sourcecode.c.objc; path = "NSArray+Subscript.m"; sourceTree = "<group>"; };
		519963771728536F00C85356 /* NSDictionary+Subscript.h */ = {isa = PBXFileReference; fileEncoding = 4; lastKnownFileType = sourcecode.c.h; path = "NSDictionary+Subscript.h"; sourceTree = "<group>"; };
		519963781728536F00C85356 /* NSDictionary+Subscript.m */ = {isa = PBXFileReference; fileEncoding = 4; lastKnownFileType = sourcecode.c.objc; path = "NSDictionary+Subscript.m"; sourceTree = "<group>"; };
		519963791728536F00C85356 /* NSMutableArray+Subscript.h */ = {isa = PBXFileReference; fileEncoding = 4; lastKnownFileType = sourcecode.c.h; path = "NSMutableArray+Subscript.h"; sourceTree = "<group>"; };
		5199637A1728536F00C85356 /* NSMutableArray+Subscript.m */ = {isa = PBXFileReference; fileEncoding = 4; lastKnownFileType = sourcecode.c.objc; path = "NSMutableArray+Subscript.m"; sourceTree = "<group>"; };
		5199637B1728536F00C85356 /* NSMutableDictionary+Subscript.h */ = {isa = PBXFileReference; fileEncoding = 4; lastKnownFileType = sourcecode.c.h; path = "NSMutableDictionary+Subscript.h"; sourceTree = "<group>"; };
		5199637C1728536F00C85356 /* NSMutableDictionary+Subscript.m */ = {isa = PBXFileReference; fileEncoding = 4; lastKnownFileType = sourcecode.c.objc; path = "NSMutableDictionary+Subscript.m"; sourceTree = "<group>"; };
		5199637E1728536F00C85356 /* Subscript.h */ = {isa = PBXFileReference; fileEncoding = 4; lastKnownFileType = sourcecode.c.h; path = Subscript.h; sourceTree = "<group>"; };
		890A4B3F171F031300AFE577 /* Alcatraz.xcplugin */ = {isa = PBXFileReference; explicitFileType = wrapper.cfbundle; includeInIndex = 0; path = Alcatraz.xcplugin; sourceTree = BUILT_PRODUCTS_DIR; };
		890A4B42171F031300AFE577 /* AppKit.framework */ = {isa = PBXFileReference; lastKnownFileType = wrapper.framework; name = AppKit.framework; path = System/Library/Frameworks/AppKit.framework; sourceTree = SDKROOT; };
		890A4B44171F031300AFE577 /* Foundation.framework */ = {isa = PBXFileReference; lastKnownFileType = wrapper.framework; name = Foundation.framework; path = System/Library/Frameworks/Foundation.framework; sourceTree = SDKROOT; };
		890A4B48171F031300AFE577 /* Alcatraz-Info.plist */ = {isa = PBXFileReference; lastKnownFileType = text.plist.xml; path = "Alcatraz-Info.plist"; sourceTree = "<group>"; };
		890A4B4A171F031300AFE577 /* en */ = {isa = PBXFileReference; lastKnownFileType = text.plist.strings; name = en; path = en.lproj/InfoPlist.strings; sourceTree = "<group>"; };
		890A4B4C171F031300AFE577 /* Alcatraz.h */ = {isa = PBXFileReference; lastKnownFileType = sourcecode.c.h; path = Alcatraz.h; sourceTree = "<group>"; };
		890A4B4D171F031300AFE577 /* Alcatraz.m */ = {isa = PBXFileReference; lastKnownFileType = sourcecode.c.objc; path = Alcatraz.m; sourceTree = "<group>"; };
		890A4B4F171F031300AFE577 /* Alcatraz-Prefix.pch */ = {isa = PBXFileReference; lastKnownFileType = sourcecode.c.h; path = "Alcatraz-Prefix.pch"; sourceTree = "<group>"; };
		8917D9E71726B4EE00F0B2D2 /* ATZColorScheme.h */ = {isa = PBXFileReference; fileEncoding = 4; lastKnownFileType = sourcecode.c.h; path = ATZColorScheme.h; sourceTree = "<group>"; };
		8917D9E81726B4EE00F0B2D2 /* ATZColorScheme.m */ = {isa = PBXFileReference; fileEncoding = 4; lastKnownFileType = sourcecode.c.objc; path = ATZColorScheme.m; sourceTree = "<group>"; };
		8917D9E91726B4EE00F0B2D2 /* ATZFileTemplate.h */ = {isa = PBXFileReference; fileEncoding = 4; lastKnownFileType = sourcecode.c.h; path = ATZFileTemplate.h; sourceTree = "<group>"; };
		8917D9EA1726B4EE00F0B2D2 /* ATZFileTemplate.m */ = {isa = PBXFileReference; fileEncoding = 4; lastKnownFileType = sourcecode.c.objc; path = ATZFileTemplate.m; sourceTree = "<group>"; };
		8917D9EB1726B4EE00F0B2D2 /* ATZPackage.h */ = {isa = PBXFileReference; fileEncoding = 4; lastKnownFileType = sourcecode.c.h; path = ATZPackage.h; sourceTree = "<group>"; };
		8917D9EC1726B4EE00F0B2D2 /* ATZPackage.m */ = {isa = PBXFileReference; fileEncoding = 4; lastKnownFileType = sourcecode.c.objc; path = ATZPackage.m; sourceTree = "<group>"; };
		8917D9ED1726B4EE00F0B2D2 /* ATZPlugin.h */ = {isa = PBXFileReference; fileEncoding = 4; lastKnownFileType = sourcecode.c.h; path = ATZPlugin.h; sourceTree = "<group>"; };
		8917D9EE1726B4EE00F0B2D2 /* ATZPlugin.m */ = {isa = PBXFileReference; fileEncoding = 4; lastKnownFileType = sourcecode.c.objc; path = ATZPlugin.m; sourceTree = "<group>"; };
		8917D9EF1726B4EE00F0B2D2 /* ATZProjectTemplate.h */ = {isa = PBXFileReference; fileEncoding = 4; lastKnownFileType = sourcecode.c.h; path = ATZProjectTemplate.h; sourceTree = "<group>"; };
		8917D9F01726B4EE00F0B2D2 /* ATZProjectTemplate.m */ = {isa = PBXFileReference; fileEncoding = 4; lastKnownFileType = sourcecode.c.objc; path = ATZProjectTemplate.m; sourceTree = "<group>"; };
		8917D9F11726B4EE00F0B2D2 /* ATZTemplate.h */ = {isa = PBXFileReference; fileEncoding = 4; lastKnownFileType = sourcecode.c.h; path = ATZTemplate.h; sourceTree = "<group>"; };
		8917D9F21726B4EE00F0B2D2 /* ATZTemplate.m */ = {isa = PBXFileReference; fileEncoding = 4; lastKnownFileType = sourcecode.c.objc; path = ATZTemplate.m; sourceTree = "<group>"; };
		8917D9FA1726B53000F0B2D2 /* ATZColorSchemeInstaller.h */ = {isa = PBXFileReference; fileEncoding = 4; lastKnownFileType = sourcecode.c.h; path = ATZColorSchemeInstaller.h; sourceTree = "<group>"; };
		8917D9FB1726B53000F0B2D2 /* ATZColorSchemeInstaller.m */ = {isa = PBXFileReference; fileEncoding = 4; lastKnownFileType = sourcecode.c.objc; path = ATZColorSchemeInstaller.m; sourceTree = "<group>"; };
		8917D9FC1726B53000F0B2D2 /* ATZFileTemplateInstaller.h */ = {isa = PBXFileReference; fileEncoding = 4; lastKnownFileType = sourcecode.c.h; path = ATZFileTemplateInstaller.h; sourceTree = "<group>"; };
		8917D9FD1726B53000F0B2D2 /* ATZFileTemplateInstaller.m */ = {isa = PBXFileReference; fileEncoding = 4; lastKnownFileType = sourcecode.c.objc; path = ATZFileTemplateInstaller.m; sourceTree = "<group>"; };
		8917D9FE1726B53000F0B2D2 /* ATZInstaller.h */ = {isa = PBXFileReference; fileEncoding = 4; lastKnownFileType = sourcecode.c.h; path = ATZInstaller.h; sourceTree = "<group>"; };
		8917D9FF1726B53000F0B2D2 /* ATZPluginInstaller.h */ = {isa = PBXFileReference; fileEncoding = 4; lastKnownFileType = sourcecode.c.h; path = ATZPluginInstaller.h; sourceTree = "<group>"; };
		8917DA001726B53000F0B2D2 /* ATZPluginInstaller.m */ = {isa = PBXFileReference; fileEncoding = 4; lastKnownFileType = sourcecode.c.objc; path = ATZPluginInstaller.m; sourceTree = "<group>"; };
		8917DA011726B53000F0B2D2 /* ATZProjectTemplateInstaller.h */ = {isa = PBXFileReference; fileEncoding = 4; lastKnownFileType = sourcecode.c.h; path = ATZProjectTemplateInstaller.h; sourceTree = "<group>"; };
		8917DA021726B53000F0B2D2 /* ATZProjectTemplateInstaller.m */ = {isa = PBXFileReference; fileEncoding = 4; lastKnownFileType = sourcecode.c.objc; path = ATZProjectTemplateInstaller.m; sourceTree = "<group>"; };
		8917DA031726B53000F0B2D2 /* ATZTemplateInstaller.h */ = {isa = PBXFileReference; fileEncoding = 4; lastKnownFileType = sourcecode.c.h; path = ATZTemplateInstaller.h; sourceTree = "<group>"; };
		8917DA041726B53000F0B2D2 /* ATZTemplateInstaller.m */ = {isa = PBXFileReference; fileEncoding = 4; lastKnownFileType = sourcecode.c.objc; path = ATZTemplateInstaller.m; sourceTree = "<group>"; };
		8917DA0B1726B57B00F0B2D2 /* NSFileManager+Alcatraz.h */ = {isa = PBXFileReference; fileEncoding = 4; lastKnownFileType = sourcecode.c.h; path = "NSFileManager+Alcatraz.h"; sourceTree = "<group>"; };
		8917DA0C1726B57B00F0B2D2 /* NSFileManager+Alcatraz.m */ = {isa = PBXFileReference; fileEncoding = 4; lastKnownFileType = sourcecode.c.objc; path = "NSFileManager+Alcatraz.m"; sourceTree = "<group>"; };
		8917DA0E1726B5BA00F0B2D2 /* ATZPackageFactory.h */ = {isa = PBXFileReference; fileEncoding = 4; lastKnownFileType = sourcecode.c.h; path = ATZPackageFactory.h; sourceTree = "<group>"; };
		8917DA0F1726B5BA00F0B2D2 /* ATZPackageFactory.m */ = {isa = PBXFileReference; fileEncoding = 4; lastKnownFileType = sourcecode.c.objc; path = ATZPackageFactory.m; sourceTree = "<group>"; };
		8917DA121726B63B00F0B2D2 /* ATZDownloader.h */ = {isa = PBXFileReference; fileEncoding = 4; lastKnownFileType = sourcecode.c.h; path = ATZDownloader.h; sourceTree = "<group>"; };
		8917DA131726B63B00F0B2D2 /* ATZDownloader.m */ = {isa = PBXFileReference; fileEncoding = 4; lastKnownFileType = sourcecode.c.objc; path = ATZDownloader.m; sourceTree = "<group>"; };
		8917DA141726B63B00F0B2D2 /* ATZGit.h */ = {isa = PBXFileReference; fileEncoding = 4; lastKnownFileType = sourcecode.c.h; path = ATZGit.h; sourceTree = "<group>"; };
		8917DA151726B63B00F0B2D2 /* ATZGit.m */ = {isa = PBXFileReference; fileEncoding = 4; lastKnownFileType = sourcecode.c.objc; path = ATZGit.m; sourceTree = "<group>"; };
		8917DA161726B63B00F0B2D2 /* ATZShell.h */ = {isa = PBXFileReference; fileEncoding = 4; lastKnownFileType = sourcecode.c.h; path = ATZShell.h; sourceTree = "<group>"; };
		8917DA171726B63B00F0B2D2 /* ATZShell.m */ = {isa = PBXFileReference; fileEncoding = 4; lastKnownFileType = sourcecode.c.objc; path = ATZShell.m; sourceTree = "<group>"; };
		89C4C685171F1B5C004A88E7 /* PluginWindow.xib */ = {isa = PBXFileReference; fileEncoding = 4; lastKnownFileType = file.xib; path = PluginWindow.xib; sourceTree = "<group>"; };
		89D40AFA1721CBD600A67BB3 /* ATZPluginWindowController.h */ = {isa = PBXFileReference; fileEncoding = 4; lastKnownFileType = sourcecode.c.h; name = ATZPluginWindowController.h; path = Controllers/ATZPluginWindowController.h; sourceTree = "<group>"; };
		89D40AFB1721CBD600A67BB3 /* ATZPluginWindowController.m */ = {isa = PBXFileReference; fileEncoding = 4; lastKnownFileType = sourcecode.c.objc; name = ATZPluginWindowController.m; path = Controllers/ATZPluginWindowController.m; sourceTree = "<group>"; };
		8A0C0A4B1726C076006E7AD2 /* ATZStatusView.h */ = {isa = PBXFileReference; fileEncoding = 4; lastKnownFileType = sourcecode.c.h; name = ATZStatusView.h; path = Views/ATZStatusView.h; sourceTree = "<group>"; };
		8A0C0A4C1726C076006E7AD2 /* ATZStatusView.m */ = {isa = PBXFileReference; fileEncoding = 4; lastKnownFileType = sourcecode.c.objc; name = ATZStatusView.m; path = Views/ATZStatusView.m; sourceTree = "<group>"; };
		8A6EA57C1726D55300DAFE47 /* ATZProgressIndicator.h */ = {isa = PBXFileReference; fileEncoding = 4; lastKnownFileType = sourcecode.c.h; name = ATZProgressIndicator.h; path = Views/ATZProgressIndicator.h; sourceTree = "<group>"; };
		8A6EA57D1726D55300DAFE47 /* ATZProgressIndicator.m */ = {isa = PBXFileReference; fileEncoding = 4; lastKnownFileType = sourcecode.c.objc; name = ATZProgressIndicator.m; path = Views/ATZProgressIndicator.m; sourceTree = "<group>"; };
/* End PBXFileReference section */

/* Begin PBXFrameworksBuildPhase section */
		890A4B3C171F031300AFE577 /* Frameworks */ = {
			isa = PBXFrameworksBuildPhase;
			buildActionMask = 2147483647;
			files = (
				890A4B43171F031300AFE577 /* AppKit.framework in Frameworks */,
				890A4B45171F031300AFE577 /* Foundation.framework in Frameworks */,
			);
			runOnlyForDeploymentPostprocessing = 0;
		};
/* End PBXFrameworksBuildPhase section */

/* Begin PBXGroup section */
		519963721728535D00C85356 /* Libraries */ = {
			isa = PBXGroup;
			children = (
				519963731728536F00C85356 /* objective-c-subscript */,
			);
			name = Libraries;
			sourceTree = "<group>";
		};
		519963731728536F00C85356 /* objective-c-subscript */ = {
			isa = PBXGroup;
			children = (
				519963751728536F00C85356 /* NSArray+Subscript.h */,
				519963761728536F00C85356 /* NSArray+Subscript.m */,
				519963771728536F00C85356 /* NSDictionary+Subscript.h */,
				519963781728536F00C85356 /* NSDictionary+Subscript.m */,
				519963791728536F00C85356 /* NSMutableArray+Subscript.h */,
				5199637A1728536F00C85356 /* NSMutableArray+Subscript.m */,
				5199637B1728536F00C85356 /* NSMutableDictionary+Subscript.h */,
				5199637C1728536F00C85356 /* NSMutableDictionary+Subscript.m */,
				5199637E1728536F00C85356 /* Subscript.h */,
			);
			name = "objective-c-subscript";
			path = "submodules/objective-c-subscript";
			sourceTree = "<group>";
		};
		890A4B36171F031300AFE577 = {
			isa = PBXGroup;
			children = (
				519963721728535D00C85356 /* Libraries */,
				890A4B46171F031300AFE577 /* Alcatraz */,
				890A4B41171F031300AFE577 /* Frameworks */,
				890A4B40171F031300AFE577 /* Products */,
			);
			sourceTree = "<group>";
		};
		890A4B40171F031300AFE577 /* Products */ = {
			isa = PBXGroup;
			children = (
				890A4B3F171F031300AFE577 /* Alcatraz.xcplugin */,
			);
			name = Products;
			sourceTree = "<group>";
		};
		890A4B41171F031300AFE577 /* Frameworks */ = {
			isa = PBXGroup;
			children = (
				890A4B42171F031300AFE577 /* AppKit.framework */,
				890A4B44171F031300AFE577 /* Foundation.framework */,
			);
			name = Frameworks;
			sourceTree = "<group>";
		};
		890A4B46171F031300AFE577 /* Alcatraz */ = {
			isa = PBXGroup;
			children = (
				8917DA111726B63B00F0B2D2 /* Helpers */,
				8917DA0A1726B57B00F0B2D2 /* Categories */,
				8917D9F91726B53000F0B2D2 /* Installers */,
				8917D9E61726B4EE00F0B2D2 /* Packages */,
				892C7DD7171F2A2000A21B12 /* Controllers */,
				8A0C0A4A1726C04A006E7AD2 /* Views */,
				890A4B4C171F031300AFE577 /* Alcatraz.h */,
				890A4B4D171F031300AFE577 /* Alcatraz.m */,
				890A4B47171F031300AFE577 /* Supporting Files */,
				89C4C685171F1B5C004A88E7 /* PluginWindow.xib */,
			);
			path = Alcatraz;
			sourceTree = "<group>";
		};
		890A4B47171F031300AFE577 /* Supporting Files */ = {
			isa = PBXGroup;
			children = (
				890A4B48171F031300AFE577 /* Alcatraz-Info.plist */,
				890A4B49171F031300AFE577 /* InfoPlist.strings */,
				890A4B4F171F031300AFE577 /* Alcatraz-Prefix.pch */,
			);
			name = "Supporting Files";
			sourceTree = "<group>";
		};
		8917D9E61726B4EE00F0B2D2 /* Packages */ = {
			isa = PBXGroup;
			children = (
				8917DA0E1726B5BA00F0B2D2 /* ATZPackageFactory.h */,
				8917DA0F1726B5BA00F0B2D2 /* ATZPackageFactory.m */,
				8917D9E71726B4EE00F0B2D2 /* ATZColorScheme.h */,
				8917D9E81726B4EE00F0B2D2 /* ATZColorScheme.m */,
				8917D9E91726B4EE00F0B2D2 /* ATZFileTemplate.h */,
				8917D9EA1726B4EE00F0B2D2 /* ATZFileTemplate.m */,
				8917D9EB1726B4EE00F0B2D2 /* ATZPackage.h */,
				8917D9EC1726B4EE00F0B2D2 /* ATZPackage.m */,
				8917D9ED1726B4EE00F0B2D2 /* ATZPlugin.h */,
				8917D9EE1726B4EE00F0B2D2 /* ATZPlugin.m */,
				8917D9EF1726B4EE00F0B2D2 /* ATZProjectTemplate.h */,
				8917D9F01726B4EE00F0B2D2 /* ATZProjectTemplate.m */,
				8917D9F11726B4EE00F0B2D2 /* ATZTemplate.h */,
				8917D9F21726B4EE00F0B2D2 /* ATZTemplate.m */,
			);
			path = Packages;
			sourceTree = "<group>";
		};
		8917D9F91726B53000F0B2D2 /* Installers */ = {
			isa = PBXGroup;
			children = (
				8917D9FA1726B53000F0B2D2 /* ATZColorSchemeInstaller.h */,
				8917D9FB1726B53000F0B2D2 /* ATZColorSchemeInstaller.m */,
				8917D9FC1726B53000F0B2D2 /* ATZFileTemplateInstaller.h */,
				8917D9FD1726B53000F0B2D2 /* ATZFileTemplateInstaller.m */,
				8917D9FE1726B53000F0B2D2 /* ATZInstaller.h */,
				8917D9FF1726B53000F0B2D2 /* ATZPluginInstaller.h */,
				8917DA001726B53000F0B2D2 /* ATZPluginInstaller.m */,
				8917DA011726B53000F0B2D2 /* ATZProjectTemplateInstaller.h */,
				8917DA021726B53000F0B2D2 /* ATZProjectTemplateInstaller.m */,
				8917DA031726B53000F0B2D2 /* ATZTemplateInstaller.h */,
				8917DA041726B53000F0B2D2 /* ATZTemplateInstaller.m */,
			);
			path = Installers;
			sourceTree = "<group>";
		};
		8917DA0A1726B57B00F0B2D2 /* Categories */ = {
			isa = PBXGroup;
			children = (
				8917DA0B1726B57B00F0B2D2 /* NSFileManager+Alcatraz.h */,
				8917DA0C1726B57B00F0B2D2 /* NSFileManager+Alcatraz.m */,
			);
			path = Categories;
			sourceTree = "<group>";
		};
		8917DA111726B63B00F0B2D2 /* Helpers */ = {
			isa = PBXGroup;
			children = (
				8917DA121726B63B00F0B2D2 /* ATZDownloader.h */,
				8917DA131726B63B00F0B2D2 /* ATZDownloader.m */,
				8917DA141726B63B00F0B2D2 /* ATZGit.h */,
				8917DA151726B63B00F0B2D2 /* ATZGit.m */,
				8917DA161726B63B00F0B2D2 /* ATZShell.h */,
				8917DA171726B63B00F0B2D2 /* ATZShell.m */,
			);
			path = Helpers;
			sourceTree = "<group>";
		};
		892C7DD7171F2A2000A21B12 /* Controllers */ = {
			isa = PBXGroup;
			children = (
				89D40AFA1721CBD600A67BB3 /* ATZPluginWindowController.h */,
				89D40AFB1721CBD600A67BB3 /* ATZPluginWindowController.m */,
			);
			name = Controllers;
			sourceTree = "<group>";
		};
		8A0C0A4A1726C04A006E7AD2 /* Views */ = {
			isa = PBXGroup;
			children = (
				8A0C0A4B1726C076006E7AD2 /* ATZStatusView.h */,
				8A0C0A4C1726C076006E7AD2 /* ATZStatusView.m */,
				8A6EA57C1726D55300DAFE47 /* ATZProgressIndicator.h */,
				8A6EA57D1726D55300DAFE47 /* ATZProgressIndicator.m */,
			);
			name = Views;
			sourceTree = "<group>";
		};
/* End PBXGroup section */

/* Begin PBXNativeTarget section */
		890A4B3E171F031300AFE577 /* Alcatraz */ = {
			isa = PBXNativeTarget;
			buildConfigurationList = 890A4B52171F031300AFE577 /* Build configuration list for PBXNativeTarget "Alcatraz" */;
			buildPhases = (
				890A4B3B171F031300AFE577 /* Sources */,
				890A4B3C171F031300AFE577 /* Frameworks */,
				890A4B3D171F031300AFE577 /* Resources */,
			);
			buildRules = (
			);
			dependencies = (
			);
			name = Alcatraz;
			productName = Alcatraz;
			productReference = 890A4B3F171F031300AFE577 /* Alcatraz.xcplugin */;
			productType = "com.apple.product-type.bundle";
		};
/* End PBXNativeTarget section */

/* Begin PBXProject section */
		890A4B37171F031300AFE577 /* Project object */ = {
			isa = PBXProject;
			attributes = {
				CLASSPREFIX = ATZ;
				LastUpgradeCheck = 0460;
				ORGANIZATIONNAME = mneorr.com;
			};
			buildConfigurationList = 890A4B3A171F031300AFE577 /* Build configuration list for PBXProject "Alcatraz" */;
			compatibilityVersion = "Xcode 3.2";
			developmentRegion = English;
			hasScannedForEncodings = 0;
			knownRegions = (
				en,
			);
			mainGroup = 890A4B36171F031300AFE577;
			productRefGroup = 890A4B40171F031300AFE577 /* Products */;
			projectDirPath = "";
			projectRoot = "";
			targets = (
				890A4B3E171F031300AFE577 /* Alcatraz */,
			);
		};
/* End PBXProject section */

/* Begin PBXResourcesBuildPhase section */
		890A4B3D171F031300AFE577 /* Resources */ = {
			isa = PBXResourcesBuildPhase;
			buildActionMask = 2147483647;
			files = (
				890A4B4B171F031300AFE577 /* InfoPlist.strings in Resources */,
				89C4C686171F1B5C004A88E7 /* PluginWindow.xib in Resources */,
			);
			runOnlyForDeploymentPostprocessing = 0;
		};
/* End PBXResourcesBuildPhase section */

/* Begin PBXSourcesBuildPhase section */
		890A4B3B171F031300AFE577 /* Sources */ = {
			isa = PBXSourcesBuildPhase;
			buildActionMask = 2147483647;
			files = (
				890A4B4E171F031300AFE577 /* Alcatraz.m in Sources */,
				89D40AFC1721CBD600A67BB3 /* ATZPluginWindowController.m in Sources */,
				8917D9F31726B4EE00F0B2D2 /* ATZColorScheme.m in Sources */,
				8917D9F41726B4EE00F0B2D2 /* ATZFileTemplate.m in Sources */,
				8917D9F51726B4EE00F0B2D2 /* ATZPackage.m in Sources */,
				8917D9F61726B4EE00F0B2D2 /* ATZPlugin.m in Sources */,
				8917D9F71726B4EE00F0B2D2 /* ATZProjectTemplate.m in Sources */,
				8917D9F81726B4EE00F0B2D2 /* ATZTemplate.m in Sources */,
				8917DA051726B53000F0B2D2 /* ATZColorSchemeInstaller.m in Sources */,
				8917DA061726B53000F0B2D2 /* ATZFileTemplateInstaller.m in Sources */,
				8917DA071726B53000F0B2D2 /* ATZPluginInstaller.m in Sources */,
				8917DA081726B53000F0B2D2 /* ATZProjectTemplateInstaller.m in Sources */,
				8917DA091726B53000F0B2D2 /* ATZTemplateInstaller.m in Sources */,
				8917DA0D1726B57B00F0B2D2 /* NSFileManager+Alcatraz.m in Sources */,
				8917DA101726B5BA00F0B2D2 /* ATZPackageFactory.m in Sources */,
				8917DA181726B63B00F0B2D2 /* ATZDownloader.m in Sources */,
				8917DA191726B63B00F0B2D2 /* ATZGit.m in Sources */,
				8917DA1A1726B63B00F0B2D2 /* ATZShell.m in Sources */,
				8A0C0A4D1726C076006E7AD2 /* ATZStatusView.m in Sources */,
				8A6EA57E1726D55300DAFE47 /* ATZProgressIndicator.m in Sources */,
				519963801728536F00C85356 /* NSArray+Subscript.m in Sources */,
				519963811728536F00C85356 /* NSDictionary+Subscript.m in Sources */,
				519963821728536F00C85356 /* NSMutableArray+Subscript.m in Sources */,
				519963831728536F00C85356 /* NSMutableDictionary+Subscript.m in Sources */,
			);
			runOnlyForDeploymentPostprocessing = 0;
		};
/* End PBXSourcesBuildPhase section */

/* Begin PBXVariantGroup section */
		890A4B49171F031300AFE577 /* InfoPlist.strings */ = {
			isa = PBXVariantGroup;
			children = (
				890A4B4A171F031300AFE577 /* en */,
			);
			name = InfoPlist.strings;
			sourceTree = "<group>";
		};
/* End PBXVariantGroup section */

/* Begin XCBuildConfiguration section */
		890A4B50171F031300AFE577 /* Debug */ = {
			isa = XCBuildConfiguration;
			buildSettings = {
				ALWAYS_SEARCH_USER_PATHS = NO;
				ARCHS = "$(ARCHS_STANDARD_64_BIT)";
				CLANG_CXX_LANGUAGE_STANDARD = "gnu++0x";
				CLANG_CXX_LIBRARY = "libc++";
				CLANG_WARN_CONSTANT_CONVERSION = YES;
				CLANG_WARN_EMPTY_BODY = YES;
				CLANG_WARN_ENUM_CONVERSION = YES;
				CLANG_WARN_INT_CONVERSION = YES;
				CLANG_WARN__DUPLICATE_METHOD_MATCH = YES;
				COPY_PHASE_STRIP = NO;
				GCC_C_LANGUAGE_STANDARD = gnu99;
				GCC_DYNAMIC_NO_PIC = NO;
				GCC_ENABLE_OBJC_EXCEPTIONS = YES;
				GCC_OPTIMIZATION_LEVEL = 0;
				GCC_PREPROCESSOR_DEFINITIONS = (
					"DEBUG=1",
					"$(inherited)",
				);
				GCC_SYMBOLS_PRIVATE_EXTERN = NO;
				GCC_WARN_64_TO_32_BIT_CONVERSION = YES;
				GCC_WARN_ABOUT_RETURN_TYPE = YES;
				GCC_WARN_UNINITIALIZED_AUTOS = YES;
				GCC_WARN_UNUSED_VARIABLE = YES;
				MACOSX_DEPLOYMENT_TARGET = 10.8;
				ONLY_ACTIVE_ARCH = YES;
				SDKROOT = macosx;
			};
			name = Debug;
		};
		890A4B51171F031300AFE577 /* Release */ = {
			isa = XCBuildConfiguration;
			buildSettings = {
				ALWAYS_SEARCH_USER_PATHS = NO;
				ARCHS = "$(ARCHS_STANDARD_64_BIT)";
				CLANG_CXX_LANGUAGE_STANDARD = "gnu++0x";
				CLANG_CXX_LIBRARY = "libc++";
				CLANG_WARN_CONSTANT_CONVERSION = YES;
				CLANG_WARN_EMPTY_BODY = YES;
				CLANG_WARN_ENUM_CONVERSION = YES;
				CLANG_WARN_INT_CONVERSION = YES;
				CLANG_WARN__DUPLICATE_METHOD_MATCH = YES;
				COPY_PHASE_STRIP = YES;
				DEBUG_INFORMATION_FORMAT = "dwarf-with-dsym";
				GCC_C_LANGUAGE_STANDARD = gnu99;
				GCC_ENABLE_OBJC_EXCEPTIONS = YES;
				GCC_WARN_64_TO_32_BIT_CONVERSION = YES;
				GCC_WARN_ABOUT_RETURN_TYPE = YES;
				GCC_WARN_UNINITIALIZED_AUTOS = YES;
				GCC_WARN_UNUSED_VARIABLE = YES;
				MACOSX_DEPLOYMENT_TARGET = 10.8;
				SDKROOT = macosx;
			};
			name = Release;
		};
		890A4B53171F031300AFE577 /* Debug */ = {
			isa = XCBuildConfiguration;
			buildSettings = {
				COMBINE_HIDPI_IMAGES = YES;
				DEPLOYMENT_LOCATION = YES;
				DSTROOT = "$(HOME)";
				GCC_ENABLE_OBJC_GC = required;
				GCC_PRECOMPILE_PREFIX_HEADER = YES;
				GCC_PREFIX_HEADER = "Alcatraz/Alcatraz-Prefix.pch";
				INFOPLIST_FILE = "Alcatraz/Alcatraz-Info.plist";
				INSTALL_PATH = "/Library/Application Support/Developer/Shared/Xcode/Plug-ins";
				MACOSX_DEPLOYMENT_TARGET = 10.7;
				PRODUCT_NAME = "$(TARGET_NAME)";
				SDKROOT = macosx;
				WRAPPER_EXTENSION = xcplugin;
			};
			name = Debug;
		};
		890A4B54171F031300AFE577 /* Release */ = {
			isa = XCBuildConfiguration;
			buildSettings = {
				COMBINE_HIDPI_IMAGES = YES;
				DEPLOYMENT_LOCATION = YES;
				DSTROOT = "$(HOME)";
				GCC_ENABLE_OBJC_GC = required;
				GCC_PRECOMPILE_PREFIX_HEADER = YES;
				GCC_PREFIX_HEADER = "Alcatraz/Alcatraz-Prefix.pch";
				INFOPLIST_FILE = "Alcatraz/Alcatraz-Info.plist";
				INSTALL_PATH = "/Library/Application Support/Developer/Shared/Xcode/Plug-ins";
				MACOSX_DEPLOYMENT_TARGET = 10.7;
				PRODUCT_NAME = "$(TARGET_NAME)";
				SDKROOT = macosx;
				WRAPPER_EXTENSION = xcplugin;
			};
			name = Release;
		};
/* End XCBuildConfiguration section */

/* Begin XCConfigurationList section */
		890A4B3A171F031300AFE577 /* Build configuration list for PBXProject "Alcatraz" */ = {
			isa = XCConfigurationList;
			buildConfigurations = (
				890A4B50171F031300AFE577 /* Debug */,
				890A4B51171F031300AFE577 /* Release */,
			);
			defaultConfigurationIsVisible = 0;
			defaultConfigurationName = Release;
		};
		890A4B52171F031300AFE577 /* Build configuration list for PBXNativeTarget "Alcatraz" */ = {
			isa = XCConfigurationList;
			buildConfigurations = (
				890A4B53171F031300AFE577 /* Debug */,
				890A4B54171F031300AFE577 /* Release */,
			);
			defaultConfigurationIsVisible = 0;
			defaultConfigurationName = Release;
		};
/* End XCConfigurationList section */
	};
	rootObject = 890A4B37171F031300AFE577 /* Project object */;
}
