// !$*UTF8*$!
{
	archiveVersion = 1;
	classes = {
	};
	objectVersion = 46;
	objects = {

/* Begin PBXBuildFile section */
		176A9201F3A0478FBBF9D128 /* libPods-TestProjectTests.a in Frameworks */ = {isa = PBXBuildFile; fileRef = 184F21C3BE2247CC8E85A843 /* libPods-TestProjectTests.a */; };
		89BBB20F18C3E99E00546623 /* Cocoa.framework in Frameworks */ = {isa = PBXBuildFile; fileRef = 89BBB20E18C3E99E00546623 /* Cocoa.framework */; };
		89BBB21918C3E99E00546623 /* InfoPlist.strings in Resources */ = {isa = PBXBuildFile; fileRef = 89BBB21718C3E99E00546623 /* InfoPlist.strings */; };
		89BBB21B18C3E99E00546623 /* main.m in Sources */ = {isa = PBXBuildFile; fileRef = 89BBB21A18C3E99E00546623 /* main.m */; };
		89BBB21F18C3E99E00546623 /* Credits.rtf in Resources */ = {isa = PBXBuildFile; fileRef = 89BBB21D18C3E99E00546623 /* Credits.rtf */; };
		89BBB22218C3E99E00546623 /* ATZAppDelegate.m in Sources */ = {isa = PBXBuildFile; fileRef = 89BBB22118C3E99E00546623 /* ATZAppDelegate.m */; };
		89BBB22518C3E99E00546623 /* MainMenu.xib in Resources */ = {isa = PBXBuildFile; fileRef = 89BBB22318C3E99E00546623 /* MainMenu.xib */; };
		89BBB22718C3E99E00546623 /* Images.xcassets in Resources */ = {isa = PBXBuildFile; fileRef = 89BBB22618C3E99E00546623 /* Images.xcassets */; };
		89BBB22E18C3E99E00546623 /* XCTest.framework in Frameworks */ = {isa = PBXBuildFile; fileRef = 89BBB22D18C3E99E00546623 /* XCTest.framework */; };
		89BBB22F18C3E99E00546623 /* Cocoa.framework in Frameworks */ = {isa = PBXBuildFile; fileRef = 89BBB20E18C3E99E00546623 /* Cocoa.framework */; };
		89BBB23718C3E99E00546623 /* InfoPlist.strings in Resources */ = {isa = PBXBuildFile; fileRef = 89BBB23518C3E99E00546623 /* InfoPlist.strings */; };
		89BBB24A18C3E9B300546623 /* AlcatrazSpec.m in Sources */ = {isa = PBXBuildFile; fileRef = 89BBB24318C3E9B300546623 /* AlcatrazSpec.m */; settings = {COMPILER_FLAGS = "-Wno-arc-performSelector-leaks"; }; };
		89BBB24B18C3E9B300546623 /* ATZDownloaderSpec.m in Sources */ = {isa = PBXBuildFile; fileRef = 89BBB24418C3E9B300546623 /* ATZDownloaderSpec.m */; settings = {COMPILER_FLAGS = "-Wno-arc-performSelector-leaks"; }; };
		89BBB24C18C3E9B300546623 /* ATZInstallerSpec.m in Sources */ = {isa = PBXBuildFile; fileRef = 89BBB24518C3E9B300546623 /* ATZInstallerSpec.m */; settings = {COMPILER_FLAGS = "-Wno-arc-performSelector-leaks"; }; };
		89BBB24D18C3E9B300546623 /* ATZPluginInstallerSpec.m in Sources */ = {isa = PBXBuildFile; fileRef = 89BBB24618C3E9B300546623 /* ATZPluginInstallerSpec.m */; settings = {COMPILER_FLAGS = "-Wno-arc-performSelector-leaks"; }; };
		89BBB24E18C3E9B300546623 /* ATZPackageFactoryTests.m in Sources */ = {isa = PBXBuildFile; fileRef = 89BBB24818C3E9B300546623 /* ATZPackageFactoryTests.m */; settings = {COMPILER_FLAGS = "-Wno-arc-performSelector-leaks"; }; };
		89BBB24F18C3E9B300546623 /* ATZPackageTests.m in Sources */ = {isa = PBXBuildFile; fileRef = 89BBB24918C3E9B300546623 /* ATZPackageTests.m */; settings = {COMPILER_FLAGS = "-Wno-arc-performSelector-leaks"; }; };
		89BBB29E18C3EAA200546623 /* Alcatraz-Info.plist in Resources */ = {isa = PBXBuildFile; fileRef = 89BBB25118C3EAA200546623 /* Alcatraz-Info.plist */; };
		89BBB29F18C3EAA200546623 /* Alcatraz.m in Sources */ = {isa = PBXBuildFile; fileRef = 89BBB25418C3EAA200546623 /* Alcatraz.m */; };
		89BBB2A018C3EAA200546623 /* NSColor+Alcatraz.m in Sources */ = {isa = PBXBuildFile; fileRef = 89BBB25718C3EAA200546623 /* NSColor+Alcatraz.m */; };
		89BBB2A118C3EAA200546623 /* NSFileManager+Alcatraz.m in Sources */ = {isa = PBXBuildFile; fileRef = 89BBB25918C3EAA200546623 /* NSFileManager+Alcatraz.m */; };
		89BBB2A218C3EAA200546623 /* NSImage+Alcatraz.m in Sources */ = {isa = PBXBuildFile; fileRef = 89BBB25B18C3EAA200546623 /* NSImage+Alcatraz.m */; };
		89BBB2A318C3EAA200546623 /* ATZPluginWindowController.m in Sources */ = {isa = PBXBuildFile; fileRef = 89BBB25E18C3EAA200546623 /* ATZPluginWindowController.m */; };
		89BBB2A418C3EAA200546623 /* InfoPlist.strings in Resources */ = {isa = PBXBuildFile; fileRef = 89BBB25F18C3EAA200546623 /* InfoPlist.strings */; };
		89BBB2A518C3EAA200546623 /* Localizable.strings in Resources */ = {isa = PBXBuildFile; fileRef = 89BBB26118C3EAA200546623 /* Localizable.strings */; };
		89BBB2A618C3EAA200546623 /* eye_icon.png in Resources */ = {isa = PBXBuildFile; fileRef = 89BBB26318C3EAA200546623 /* eye_icon.png */; };
		89BBB2A718C3EAA200546623 /* eye_icon@2x.png in Resources */ = {isa = PBXBuildFile; fileRef = 89BBB26418C3EAA200546623 /* eye_icon@2x.png */; };
		89BBB2A818C3EAA200546623 /* ATZDownloader.m in Sources */ = {isa = PBXBuildFile; fileRef = 89BBB26718C3EAA200546623 /* ATZDownloader.m */; };
		89BBB2A918C3EAA200546623 /* ATZGit.m in Sources */ = {isa = PBXBuildFile; fileRef = 89BBB26918C3EAA200546623 /* ATZGit.m */; };
		89BBB2AA18C3EAA200546623 /* ATZPBXProjParser.m in Sources */ = {isa = PBXBuildFile; fileRef = 89BBB26B18C3EAA200546623 /* ATZPBXProjParser.m */; };
		89BBB2AB18C3EAA200546623 /* ATZShell.m in Sources */ = {isa = PBXBuildFile; fileRef = 89BBB26D18C3EAA200546623 /* ATZShell.m */; };
		89BBB2AC18C3EAA200546623 /* ATZColorSchemeInstaller.m in Sources */ = {isa = PBXBuildFile; fileRef = 89BBB27018C3EAA200546623 /* ATZColorSchemeInstaller.m */; };
		89BBB2AD18C3EAA200546623 /* ATZFileTemplateInstaller.m in Sources */ = {isa = PBXBuildFile; fileRef = 89BBB27218C3EAA200546623 /* ATZFileTemplateInstaller.m */; };
		89BBB2AE18C3EAA200546623 /* ATZInstaller.m in Sources */ = {isa = PBXBuildFile; fileRef = 89BBB27418C3EAA200546623 /* ATZInstaller.m */; };
		89BBB2AF18C3EAA200546623 /* ATZPluginInstaller.m in Sources */ = {isa = PBXBuildFile; fileRef = 89BBB27618C3EAA200546623 /* ATZPluginInstaller.m */; };
		89BBB2B018C3EAA200546623 /* ATZProjectTemplateInstaller.m in Sources */ = {isa = PBXBuildFile; fileRef = 89BBB27818C3EAA200546623 /* ATZProjectTemplateInstaller.m */; };
		89BBB2B118C3EAA200546623 /* ATZTemplateInstaller.m in Sources */ = {isa = PBXBuildFile; fileRef = 89BBB27A18C3EAA200546623 /* ATZTemplateInstaller.m */; };
		89BBB2B218C3EAA200546623 /* link_icon.png in Resources */ = {isa = PBXBuildFile; fileRef = 89BBB27B18C3EAA200546623 /* link_icon.png */; };
		89BBB2B318C3EAA200546623 /* link_icon@2x.png in Resources */ = {isa = PBXBuildFile; fileRef = 89BBB27C18C3EAA200546623 /* link_icon@2x.png */; };
		89BBB2B418C3EAA200546623 /* ATZAlcatrazPackage.m in Sources */ = {isa = PBXBuildFile; fileRef = 89BBB27F18C3EAA200546623 /* ATZAlcatrazPackage.m */; };
		89BBB2B518C3EAA200546623 /* ATZColorScheme.m in Sources */ = {isa = PBXBuildFile; fileRef = 89BBB28118C3EAA200546623 /* ATZColorScheme.m */; };
		89BBB2B618C3EAA200546623 /* ATZFileTemplate.m in Sources */ = {isa = PBXBuildFile; fileRef = 89BBB28318C3EAA200546623 /* ATZFileTemplate.m */; };
		89BBB2B718C3EAA200546623 /* ATZPackage.m in Sources */ = {isa = PBXBuildFile; fileRef = 89BBB28518C3EAA200546623 /* ATZPackage.m */; };
		89BBB2B818C3EAA200546623 /* ATZPackageFactory.m in Sources */ = {isa = PBXBuildFile; fileRef = 89BBB28718C3EAA200546623 /* ATZPackageFactory.m */; };
		89BBB2B918C3EAA200546623 /* ATZPlugin.m in Sources */ = {isa = PBXBuildFile; fileRef = 89BBB28918C3EAA200546623 /* ATZPlugin.m */; };
		89BBB2BA18C3EAA200546623 /* ATZProjectTemplate.m in Sources */ = {isa = PBXBuildFile; fileRef = 89BBB28B18C3EAA200546623 /* ATZProjectTemplate.m */; };
		89BBB2BB18C3EAA200546623 /* ATZTemplate.m in Sources */ = {isa = PBXBuildFile; fileRef = 89BBB28D18C3EAA200546623 /* ATZTemplate.m */; };
		89BBB2BC18C3EAA200546623 /* PluginWindow.xib in Resources */ = {isa = PBXBuildFile; fileRef = 89BBB28E18C3EAA200546623 /* PluginWindow.xib */; };
		89BBB2BD18C3EAA200546623 /* ATZDetailItemButton.m in Sources */ = {isa = PBXBuildFile; fileRef = 89BBB29118C3EAA200546623 /* ATZDetailItemButton.m */; };
		89BBB2BE18C3EAA200546623 /* ATZPackageTableCellView.m in Sources */ = {isa = PBXBuildFile; fileRef = 89BBB29318C3EAA200546623 /* ATZPackageTableCellView.m */; };
		89BBB2BF18C3EAA200546623 /* ATZProgressIndicator.m in Sources */ = {isa = PBXBuildFile; fileRef = 89BBB29518C3EAA200546623 /* ATZProgressIndicator.m */; };
		89BBB2C018C3EAA200546623 /* ATZRadialProgressControl.m in Sources */ = {isa = PBXBuildFile; fileRef = 89BBB29718C3EAA200546623 /* ATZRadialProgressControl.m */; };
		89BBB2C118C3EAA200546623 /* ATZSegmentedCell.m in Sources */ = {isa = PBXBuildFile; fileRef = 89BBB29918C3EAA200546623 /* ATZSegmentedCell.m */; };
		89BBB2C318C3EAA200546623 /* ATZVersionLabel.m in Sources */ = {isa = PBXBuildFile; fileRef = 89BBB29D18C3EAA200546623 /* ATZVersionLabel.m */; };
		89BBB2C618C3EB0C00546623 /* QuartzCore.framework in Frameworks */ = {isa = PBXBuildFile; fileRef = 89BBB2C418C3EAFD00546623 /* QuartzCore.framework */; };
/* End PBXBuildFile section */

/* Begin PBXContainerItemProxy section */
		89BBB23018C3E99E00546623 /* PBXContainerItemProxy */ = {
			isa = PBXContainerItemProxy;
			containerPortal = 89BBB20318C3E99E00546623 /* Project object */;
			proxyType = 1;
			remoteGlobalIDString = 89BBB20A18C3E99E00546623;
			remoteInfo = TestProject;
		};
/* End PBXContainerItemProxy section */

/* Begin PBXFileReference section */
		184F21C3BE2247CC8E85A843 /* libPods-TestProjectTests.a */ = {isa = PBXFileReference; explicitFileType = archive.ar; includeInIndex = 0; path = "libPods-TestProjectTests.a"; sourceTree = BUILT_PRODUCTS_DIR; };
		37EE715908F945E8AD052880 /* Pods-TestProjectTests.xcconfig */ = {isa = PBXFileReference; includeInIndex = 1; lastKnownFileType = text.xcconfig; name = "Pods-TestProjectTests.xcconfig"; path = "Pods/Pods-TestProjectTests.xcconfig"; sourceTree = "<group>"; };
		642E464918CEC119004BF276 /* ATZVersion.h */ = {isa = PBXFileReference; fileEncoding = 4; lastKnownFileType = sourcecode.c.h; name = ATZVersion.h; path = ../../Alcatraz/ATZVersion.h; sourceTree = "<group>"; };
		89BBB20B18C3E99E00546623 /* TestProject.app */ = {isa = PBXFileReference; explicitFileType = wrapper.application; includeInIndex = 0; path = TestProject.app; sourceTree = BUILT_PRODUCTS_DIR; };
		89BBB20E18C3E99E00546623 /* Cocoa.framework */ = {isa = PBXFileReference; lastKnownFileType = wrapper.framework; name = Cocoa.framework; path = System/Library/Frameworks/Cocoa.framework; sourceTree = SDKROOT; };
		89BBB21118C3E99E00546623 /* AppKit.framework */ = {isa = PBXFileReference; lastKnownFileType = wrapper.framework; name = AppKit.framework; path = System/Library/Frameworks/AppKit.framework; sourceTree = SDKROOT; };
		89BBB21218C3E99E00546623 /* CoreData.framework */ = {isa = PBXFileReference; lastKnownFileType = wrapper.framework; name = CoreData.framework; path = System/Library/Frameworks/CoreData.framework; sourceTree = SDKROOT; };
		89BBB21318C3E99E00546623 /* Foundation.framework */ = {isa = PBXFileReference; lastKnownFileType = wrapper.framework; name = Foundation.framework; path = System/Library/Frameworks/Foundation.framework; sourceTree = SDKROOT; };
		89BBB21618C3E99E00546623 /* TestProject-Info.plist */ = {isa = PBXFileReference; lastKnownFileType = text.plist.xml; path = "TestProject-Info.plist"; sourceTree = "<group>"; };
		89BBB21818C3E99E00546623 /* en */ = {isa = PBXFileReference; lastKnownFileType = text.plist.strings; name = en; path = en.lproj/InfoPlist.strings; sourceTree = "<group>"; };
		89BBB21A18C3E99E00546623 /* main.m */ = {isa = PBXFileReference; lastKnownFileType = sourcecode.c.objc; path = main.m; sourceTree = "<group>"; };
		89BBB21C18C3E99E00546623 /* TestProject-Prefix.pch */ = {isa = PBXFileReference; lastKnownFileType = sourcecode.c.h; path = "TestProject-Prefix.pch"; sourceTree = "<group>"; };
		89BBB21E18C3E99E00546623 /* en */ = {isa = PBXFileReference; lastKnownFileType = text.rtf; name = en; path = en.lproj/Credits.rtf; sourceTree = "<group>"; };
		89BBB22018C3E99E00546623 /* ATZAppDelegate.h */ = {isa = PBXFileReference; lastKnownFileType = sourcecode.c.h; path = ATZAppDelegate.h; sourceTree = "<group>"; };
		89BBB22118C3E99E00546623 /* ATZAppDelegate.m */ = {isa = PBXFileReference; lastKnownFileType = sourcecode.c.objc; path = ATZAppDelegate.m; sourceTree = "<group>"; };
		89BBB22418C3E99E00546623 /* Base */ = {isa = PBXFileReference; lastKnownFileType = file.xib; name = Base; path = Base.lproj/MainMenu.xib; sourceTree = "<group>"; };
		89BBB22618C3E99E00546623 /* Images.xcassets */ = {isa = PBXFileReference; lastKnownFileType = folder.assetcatalog; path = Images.xcassets; sourceTree = "<group>"; };
		89BBB22C18C3E99E00546623 /* TestProjectTests.xctest */ = {isa = PBXFileReference; explicitFileType = wrapper.cfbundle; includeInIndex = 0; path = TestProjectTests.xctest; sourceTree = BUILT_PRODUCTS_DIR; };
		89BBB22D18C3E99E00546623 /* XCTest.framework */ = {isa = PBXFileReference; lastKnownFileType = wrapper.framework; name = XCTest.framework; path = Library/Frameworks/XCTest.framework; sourceTree = DEVELOPER_DIR; };
		89BBB23418C3E99E00546623 /* TestProjectTests-Info.plist */ = {isa = PBXFileReference; lastKnownFileType = text.plist.xml; path = "TestProjectTests-Info.plist"; sourceTree = "<group>"; };
		89BBB23618C3E99E00546623 /* en */ = {isa = PBXFileReference; lastKnownFileType = text.plist.strings; name = en; path = en.lproj/InfoPlist.strings; sourceTree = "<group>"; };
		89BBB24318C3E9B300546623 /* AlcatrazSpec.m */ = {isa = PBXFileReference; fileEncoding = 4; lastKnownFileType = sourcecode.c.objc; path = AlcatrazSpec.m; sourceTree = "<group>"; };
		89BBB24418C3E9B300546623 /* ATZDownloaderSpec.m */ = {isa = PBXFileReference; fileEncoding = 4; lastKnownFileType = sourcecode.c.objc; path = ATZDownloaderSpec.m; sourceTree = "<group>"; };
		89BBB24518C3E9B300546623 /* ATZInstallerSpec.m */ = {isa = PBXFileReference; fileEncoding = 4; lastKnownFileType = sourcecode.c.objc; path = ATZInstallerSpec.m; sourceTree = "<group>"; };
		89BBB24618C3E9B300546623 /* ATZPluginInstallerSpec.m */ = {isa = PBXFileReference; fileEncoding = 4; lastKnownFileType = sourcecode.c.objc; path = ATZPluginInstallerSpec.m; sourceTree = "<group>"; };
		89BBB24818C3E9B300546623 /* ATZPackageFactoryTests.m */ = {isa = PBXFileReference; fileEncoding = 4; lastKnownFileType = sourcecode.c.objc; path = ATZPackageFactoryTests.m; sourceTree = "<group>"; };
		89BBB24918C3E9B300546623 /* ATZPackageTests.m */ = {isa = PBXFileReference; fileEncoding = 4; lastKnownFileType = sourcecode.c.objc; path = ATZPackageTests.m; sourceTree = "<group>"; };
		89BBB25118C3EAA200546623 /* Alcatraz-Info.plist */ = {isa = PBXFileReference; fileEncoding = 4; lastKnownFileType = text.plist.xml; path = "Alcatraz-Info.plist"; sourceTree = "<group>"; };
		89BBB25218C3EAA200546623 /* Alcatraz-Prefix.pch */ = {isa = PBXFileReference; fileEncoding = 4; lastKnownFileType = sourcecode.c.h; path = "Alcatraz-Prefix.pch"; sourceTree = "<group>"; };
		89BBB25318C3EAA200546623 /* Alcatraz.h */ = {isa = PBXFileReference; fileEncoding = 4; lastKnownFileType = sourcecode.c.h; path = Alcatraz.h; sourceTree = "<group>"; };
		89BBB25418C3EAA200546623 /* Alcatraz.m */ = {isa = PBXFileReference; fileEncoding = 4; lastKnownFileType = sourcecode.c.objc; path = Alcatraz.m; sourceTree = "<group>"; };
		89BBB25618C3EAA200546623 /* NSColor+Alcatraz.h */ = {isa = PBXFileReference; fileEncoding = 4; lastKnownFileType = sourcecode.c.h; path = "NSColor+Alcatraz.h"; sourceTree = "<group>"; };
		89BBB25718C3EAA200546623 /* NSColor+Alcatraz.m */ = {isa = PBXFileReference; fileEncoding = 4; lastKnownFileType = sourcecode.c.objc; path = "NSColor+Alcatraz.m"; sourceTree = "<group>"; };
		89BBB25818C3EAA200546623 /* NSFileManager+Alcatraz.h */ = {isa = PBXFileReference; fileEncoding = 4; lastKnownFileType = sourcecode.c.h; path = "NSFileManager+Alcatraz.h"; sourceTree = "<group>"; };
		89BBB25918C3EAA200546623 /* NSFileManager+Alcatraz.m */ = {isa = PBXFileReference; fileEncoding = 4; lastKnownFileType = sourcecode.c.objc; path = "NSFileManager+Alcatraz.m"; sourceTree = "<group>"; };
		89BBB25A18C3EAA200546623 /* NSImage+Alcatraz.h */ = {isa = PBXFileReference; fileEncoding = 4; lastKnownFileType = sourcecode.c.h; path = "NSImage+Alcatraz.h"; sourceTree = "<group>"; };
		89BBB25B18C3EAA200546623 /* NSImage+Alcatraz.m */ = {isa = PBXFileReference; fileEncoding = 4; lastKnownFileType = sourcecode.c.objc; path = "NSImage+Alcatraz.m"; sourceTree = "<group>"; };
		89BBB25D18C3EAA200546623 /* ATZPluginWindowController.h */ = {isa = PBXFileReference; fileEncoding = 4; lastKnownFileType = sourcecode.c.h; path = ATZPluginWindowController.h; sourceTree = "<group>"; };
		89BBB25E18C3EAA200546623 /* ATZPluginWindowController.m */ = {isa = PBXFileReference; fileEncoding = 4; lastKnownFileType = sourcecode.c.objc; path = ATZPluginWindowController.m; sourceTree = "<group>"; };
		89BBB26018C3EAA200546623 /* en */ = {isa = PBXFileReference; lastKnownFileType = text.plist.strings; name = en; path = en.lproj/InfoPlist.strings; sourceTree = "<group>"; };
		89BBB26218C3EAA200546623 /* en */ = {isa = PBXFileReference; lastKnownFileType = text.plist.strings; name = en; path = en.lproj/Localizable.strings; sourceTree = "<group>"; };
		89BBB26318C3EAA200546623 /* eye_icon.png */ = {isa = PBXFileReference; lastKnownFileType = image.png; path = eye_icon.png; sourceTree = "<group>"; };
		89BBB26418C3EAA200546623 /* eye_icon@2x.png */ = {isa = PBXFileReference; lastKnownFileType = image.png; path = "eye_icon@2x.png"; sourceTree = "<group>"; };
		89BBB26618C3EAA200546623 /* ATZDownloader.h */ = {isa = PBXFileReference; fileEncoding = 4; lastKnownFileType = sourcecode.c.h; path = ATZDownloader.h; sourceTree = "<group>"; };
		89BBB26718C3EAA200546623 /* ATZDownloader.m */ = {isa = PBXFileReference; fileEncoding = 4; lastKnownFileType = sourcecode.c.objc; path = ATZDownloader.m; sourceTree = "<group>"; };
		89BBB26818C3EAA200546623 /* ATZGit.h */ = {isa = PBXFileReference; fileEncoding = 4; lastKnownFileType = sourcecode.c.h; path = ATZGit.h; sourceTree = "<group>"; };
		89BBB26918C3EAA200546623 /* ATZGit.m */ = {isa = PBXFileReference; fileEncoding = 4; lastKnownFileType = sourcecode.c.objc; path = ATZGit.m; sourceTree = "<group>"; };
		89BBB26A18C3EAA200546623 /* ATZPBXProjParser.h */ = {isa = PBXFileReference; fileEncoding = 4; lastKnownFileType = sourcecode.c.h; path = ATZPBXProjParser.h; sourceTree = "<group>"; };
		89BBB26B18C3EAA200546623 /* ATZPBXProjParser.m */ = {isa = PBXFileReference; fileEncoding = 4; lastKnownFileType = sourcecode.c.objc; path = ATZPBXProjParser.m; sourceTree = "<group>"; };
		89BBB26C18C3EAA200546623 /* ATZShell.h */ = {isa = PBXFileReference; fileEncoding = 4; lastKnownFileType = sourcecode.c.h; path = ATZShell.h; sourceTree = "<group>"; };
		89BBB26D18C3EAA200546623 /* ATZShell.m */ = {isa = PBXFileReference; fileEncoding = 4; lastKnownFileType = sourcecode.c.objc; path = ATZShell.m; sourceTree = "<group>"; };
		89BBB26F18C3EAA200546623 /* ATZColorSchemeInstaller.h */ = {isa = PBXFileReference; fileEncoding = 4; lastKnownFileType = sourcecode.c.h; path = ATZColorSchemeInstaller.h; sourceTree = "<group>"; };
		89BBB27018C3EAA200546623 /* ATZColorSchemeInstaller.m */ = {isa = PBXFileReference; fileEncoding = 4; lastKnownFileType = sourcecode.c.objc; path = ATZColorSchemeInstaller.m; sourceTree = "<group>"; };
		89BBB27118C3EAA200546623 /* ATZFileTemplateInstaller.h */ = {isa = PBXFileReference; fileEncoding = 4; lastKnownFileType = sourcecode.c.h; path = ATZFileTemplateInstaller.h; sourceTree = "<group>"; };
		89BBB27218C3EAA200546623 /* ATZFileTemplateInstaller.m */ = {isa = PBXFileReference; fileEncoding = 4; lastKnownFileType = sourcecode.c.objc; path = ATZFileTemplateInstaller.m; sourceTree = "<group>"; };
		89BBB27318C3EAA200546623 /* ATZInstaller.h */ = {isa = PBXFileReference; fileEncoding = 4; lastKnownFileType = sourcecode.c.h; path = ATZInstaller.h; sourceTree = "<group>"; };
		89BBB27418C3EAA200546623 /* ATZInstaller.m */ = {isa = PBXFileReference; fileEncoding = 4; lastKnownFileType = sourcecode.c.objc; path = ATZInstaller.m; sourceTree = "<group>"; };
		89BBB27518C3EAA200546623 /* ATZPluginInstaller.h */ = {isa = PBXFileReference; fileEncoding = 4; lastKnownFileType = sourcecode.c.h; path = ATZPluginInstaller.h; sourceTree = "<group>"; };
		89BBB27618C3EAA200546623 /* ATZPluginInstaller.m */ = {isa = PBXFileReference; fileEncoding = 4; lastKnownFileType = sourcecode.c.objc; path = ATZPluginInstaller.m; sourceTree = "<group>"; };
		89BBB27718C3EAA200546623 /* ATZProjectTemplateInstaller.h */ = {isa = PBXFileReference; fileEncoding = 4; lastKnownFileType = sourcecode.c.h; path = ATZProjectTemplateInstaller.h; sourceTree = "<group>"; };
		89BBB27818C3EAA200546623 /* ATZProjectTemplateInstaller.m */ = {isa = PBXFileReference; fileEncoding = 4; lastKnownFileType = sourcecode.c.objc; path = ATZProjectTemplateInstaller.m; sourceTree = "<group>"; };
		89BBB27918C3EAA200546623 /* ATZTemplateInstaller.h */ = {isa = PBXFileReference; fileEncoding = 4; lastKnownFileType = sourcecode.c.h; path = ATZTemplateInstaller.h; sourceTree = "<group>"; };
		89BBB27A18C3EAA200546623 /* ATZTemplateInstaller.m */ = {isa = PBXFileReference; fileEncoding = 4; lastKnownFileType = sourcecode.c.objc; path = ATZTemplateInstaller.m; sourceTree = "<group>"; };
		89BBB27B18C3EAA200546623 /* link_icon.png */ = {isa = PBXFileReference; lastKnownFileType = image.png; path = link_icon.png; sourceTree = "<group>"; };
		89BBB27C18C3EAA200546623 /* link_icon@2x.png */ = {isa = PBXFileReference; lastKnownFileType = image.png; path = "link_icon@2x.png"; sourceTree = "<group>"; };
		89BBB27E18C3EAA200546623 /* ATZAlcatrazPackage.h */ = {isa = PBXFileReference; fileEncoding = 4; lastKnownFileType = sourcecode.c.h; path = ATZAlcatrazPackage.h; sourceTree = "<group>"; };
		89BBB27F18C3EAA200546623 /* ATZAlcatrazPackage.m */ = {isa = PBXFileReference; fileEncoding = 4; lastKnownFileType = sourcecode.c.objc; path = ATZAlcatrazPackage.m; sourceTree = "<group>"; };
		89BBB28018C3EAA200546623 /* ATZColorScheme.h */ = {isa = PBXFileReference; fileEncoding = 4; lastKnownFileType = sourcecode.c.h; path = ATZColorScheme.h; sourceTree = "<group>"; };
		89BBB28118C3EAA200546623 /* ATZColorScheme.m */ = {isa = PBXFileReference; fileEncoding = 4; lastKnownFileType = sourcecode.c.objc; path = ATZColorScheme.m; sourceTree = "<group>"; };
		89BBB28218C3EAA200546623 /* ATZFileTemplate.h */ = {isa = PBXFileReference; fileEncoding = 4; lastKnownFileType = sourcecode.c.h; path = ATZFileTemplate.h; sourceTree = "<group>"; };
		89BBB28318C3EAA200546623 /* ATZFileTemplate.m */ = {isa = PBXFileReference; fileEncoding = 4; lastKnownFileType = sourcecode.c.objc; path = ATZFileTemplate.m; sourceTree = "<group>"; };
		89BBB28418C3EAA200546623 /* ATZPackage.h */ = {isa = PBXFileReference; fileEncoding = 4; lastKnownFileType = sourcecode.c.h; path = ATZPackage.h; sourceTree = "<group>"; };
		89BBB28518C3EAA200546623 /* ATZPackage.m */ = {isa = PBXFileReference; fileEncoding = 4; lastKnownFileType = sourcecode.c.objc; path = ATZPackage.m; sourceTree = "<group>"; };
		89BBB28618C3EAA200546623 /* ATZPackageFactory.h */ = {isa = PBXFileReference; fileEncoding = 4; lastKnownFileType = sourcecode.c.h; path = ATZPackageFactory.h; sourceTree = "<group>"; };
		89BBB28718C3EAA200546623 /* ATZPackageFactory.m */ = {isa = PBXFileReference; fileEncoding = 4; lastKnownFileType = sourcecode.c.objc; path = ATZPackageFactory.m; sourceTree = "<group>"; };
		89BBB28818C3EAA200546623 /* ATZPlugin.h */ = {isa = PBXFileReference; fileEncoding = 4; lastKnownFileType = sourcecode.c.h; path = ATZPlugin.h; sourceTree = "<group>"; };
		89BBB28918C3EAA200546623 /* ATZPlugin.m */ = {isa = PBXFileReference; fileEncoding = 4; lastKnownFileType = sourcecode.c.objc; path = ATZPlugin.m; sourceTree = "<group>"; };
		89BBB28A18C3EAA200546623 /* ATZProjectTemplate.h */ = {isa = PBXFileReference; fileEncoding = 4; lastKnownFileType = sourcecode.c.h; path = ATZProjectTemplate.h; sourceTree = "<group>"; };
		89BBB28B18C3EAA200546623 /* ATZProjectTemplate.m */ = {isa = PBXFileReference; fileEncoding = 4; lastKnownFileType = sourcecode.c.objc; path = ATZProjectTemplate.m; sourceTree = "<group>"; };
		89BBB28C18C3EAA200546623 /* ATZTemplate.h */ = {isa = PBXFileReference; fileEncoding = 4; lastKnownFileType = sourcecode.c.h; path = ATZTemplate.h; sourceTree = "<group>"; };
		89BBB28D18C3EAA200546623 /* ATZTemplate.m */ = {isa = PBXFileReference; fileEncoding = 4; lastKnownFileType = sourcecode.c.objc; path = ATZTemplate.m; sourceTree = "<group>"; };
		89BBB28E18C3EAA200546623 /* PluginWindow.xib */ = {isa = PBXFileReference; fileEncoding = 4; lastKnownFileType = file.xib; path = PluginWindow.xib; sourceTree = "<group>"; };
		89BBB29018C3EAA200546623 /* ATZDetailItemButton.h */ = {isa = PBXFileReference; fileEncoding = 4; lastKnownFileType = sourcecode.c.h; path = ATZDetailItemButton.h; sourceTree = "<group>"; };
		89BBB29118C3EAA200546623 /* ATZDetailItemButton.m */ = {isa = PBXFileReference; fileEncoding = 4; lastKnownFileType = sourcecode.c.objc; path = ATZDetailItemButton.m; sourceTree = "<group>"; };
		89BBB29218C3EAA200546623 /* ATZPackageTableCellView.h */ = {isa = PBXFileReference; fileEncoding = 4; lastKnownFileType = sourcecode.c.h; path = ATZPackageTableCellView.h; sourceTree = "<group>"; };
		89BBB29318C3EAA200546623 /* ATZPackageTableCellView.m */ = {isa = PBXFileReference; fileEncoding = 4; lastKnownFileType = sourcecode.c.objc; path = ATZPackageTableCellView.m; sourceTree = "<group>"; };
		89BBB29418C3EAA200546623 /* ATZProgressIndicator.h */ = {isa = PBXFileReference; fileEncoding = 4; lastKnownFileType = sourcecode.c.h; path = ATZProgressIndicator.h; sourceTree = "<group>"; };
		89BBB29518C3EAA200546623 /* ATZProgressIndicator.m */ = {isa = PBXFileReference; fileEncoding = 4; lastKnownFileType = sourcecode.c.objc; path = ATZProgressIndicator.m; sourceTree = "<group>"; };
		89BBB29618C3EAA200546623 /* ATZRadialProgressControl.h */ = {isa = PBXFileReference; fileEncoding = 4; lastKnownFileType = sourcecode.c.h; path = ATZRadialProgressControl.h; sourceTree = "<group>"; };
		89BBB29718C3EAA200546623 /* ATZRadialProgressControl.m */ = {isa = PBXFileReference; fileEncoding = 4; lastKnownFileType = sourcecode.c.objc; path = ATZRadialProgressControl.m; sourceTree = "<group>"; };
		89BBB29818C3EAA200546623 /* ATZSegmentedCell.h */ = {isa = PBXFileReference; fileEncoding = 4; lastKnownFileType = sourcecode.c.h; path = ATZSegmentedCell.h; sourceTree = "<group>"; };
		89BBB29918C3EAA200546623 /* ATZSegmentedCell.m */ = {isa = PBXFileReference; fileEncoding = 4; lastKnownFileType = sourcecode.c.objc; path = ATZSegmentedCell.m; sourceTree = "<group>"; };
		89BBB29C18C3EAA200546623 /* ATZVersionLabel.h */ = {isa = PBXFileReference; fileEncoding = 4; lastKnownFileType = sourcecode.c.h; path = ATZVersionLabel.h; sourceTree = "<group>"; };
		89BBB29D18C3EAA200546623 /* ATZVersionLabel.m */ = {isa = PBXFileReference; fileEncoding = 4; lastKnownFileType = sourcecode.c.objc; path = ATZVersionLabel.m; sourceTree = "<group>"; };
		89BBB2C418C3EAFD00546623 /* QuartzCore.framework */ = {isa = PBXFileReference; lastKnownFileType = wrapper.framework; name = QuartzCore.framework; path = System/Library/Frameworks/QuartzCore.framework; sourceTree = SDKROOT; };
/* End PBXFileReference section */

/* Begin PBXFrameworksBuildPhase section */
		89BBB20818C3E99E00546623 /* Frameworks */ = {
			isa = PBXFrameworksBuildPhase;
			buildActionMask = 2147483647;
			files = (
				89BBB2C618C3EB0C00546623 /* QuartzCore.framework in Frameworks */,
				89BBB20F18C3E99E00546623 /* Cocoa.framework in Frameworks */,
			);
			runOnlyForDeploymentPostprocessing = 0;
		};
		89BBB22918C3E99E00546623 /* Frameworks */ = {
			isa = PBXFrameworksBuildPhase;
			buildActionMask = 2147483647;
			files = (
				89BBB22F18C3E99E00546623 /* Cocoa.framework in Frameworks */,
				89BBB22E18C3E99E00546623 /* XCTest.framework in Frameworks */,
				176A9201F3A0478FBBF9D128 /* libPods-TestProjectTests.a in Frameworks */,
			);
			runOnlyForDeploymentPostprocessing = 0;
		};
/* End PBXFrameworksBuildPhase section */

/* Begin PBXGroup section */
		89BBB20218C3E99E00546623 = {
			isa = PBXGroup;
			children = (
				89BBB21418C3E99E00546623 /* TestProject */,
				89BBB23218C3E99E00546623 /* TestProjectTests */,
				89BBB20D18C3E99E00546623 /* Frameworks */,
				89BBB20C18C3E99E00546623 /* Products */,
				37EE715908F945E8AD052880 /* Pods-TestProjectTests.xcconfig */,
			);
			sourceTree = "<group>";
		};
		89BBB20C18C3E99E00546623 /* Products */ = {
			isa = PBXGroup;
			children = (
				89BBB20B18C3E99E00546623 /* TestProject.app */,
				89BBB22C18C3E99E00546623 /* TestProjectTests.xctest */,
			);
			name = Products;
			sourceTree = "<group>";
		};
		89BBB20D18C3E99E00546623 /* Frameworks */ = {
			isa = PBXGroup;
			children = (
				89BBB2C418C3EAFD00546623 /* QuartzCore.framework */,
				89BBB20E18C3E99E00546623 /* Cocoa.framework */,
				89BBB22D18C3E99E00546623 /* XCTest.framework */,
				89BBB21018C3E99E00546623 /* Other Frameworks */,
				184F21C3BE2247CC8E85A843 /* libPods-TestProjectTests.a */,
			);
			name = Frameworks;
			sourceTree = "<group>";
		};
		89BBB21018C3E99E00546623 /* Other Frameworks */ = {
			isa = PBXGroup;
			children = (
				89BBB21118C3E99E00546623 /* AppKit.framework */,
				89BBB21218C3E99E00546623 /* CoreData.framework */,
				89BBB21318C3E99E00546623 /* Foundation.framework */,
			);
			name = "Other Frameworks";
			sourceTree = "<group>";
		};
		89BBB21418C3E99E00546623 /* TestProject */ = {
			isa = PBXGroup;
			children = (
				89BBB25018C3EAA200546623 /* Alcatraz */,
				89BBB22018C3E99E00546623 /* ATZAppDelegate.h */,
				89BBB22118C3E99E00546623 /* ATZAppDelegate.m */,
				642E464918CEC119004BF276 /* ATZVersion.h */,
				89BBB22318C3E99E00546623 /* MainMenu.xib */,
				89BBB22618C3E99E00546623 /* Images.xcassets */,
				89BBB21518C3E99E00546623 /* Supporting Files */,
			);
			path = TestProject;
			sourceTree = "<group>";
		};
		89BBB21518C3E99E00546623 /* Supporting Files */ = {
			isa = PBXGroup;
			children = (
				89BBB21618C3E99E00546623 /* TestProject-Info.plist */,
				89BBB21718C3E99E00546623 /* InfoPlist.strings */,
				89BBB21A18C3E99E00546623 /* main.m */,
				89BBB21C18C3E99E00546623 /* TestProject-Prefix.pch */,
				89BBB21D18C3E99E00546623 /* Credits.rtf */,
			);
			name = "Supporting Files";
			sourceTree = "<group>";
		};
		89BBB23218C3E99E00546623 /* TestProjectTests */ = {
			isa = PBXGroup;
			children = (
				89BBB24218C3E9B300546623 /* Specs */,
				89BBB23318C3E99E00546623 /* Supporting Files */,
			);
			path = TestProjectTests;
			sourceTree = "<group>";
		};
		89BBB23318C3E99E00546623 /* Supporting Files */ = {
			isa = PBXGroup;
			children = (
				89BBB23418C3E99E00546623 /* TestProjectTests-Info.plist */,
				89BBB23518C3E99E00546623 /* InfoPlist.strings */,
			);
			name = "Supporting Files";
			sourceTree = "<group>";
		};
		89BBB24218C3E9B300546623 /* Specs */ = {
			isa = PBXGroup;
			children = (
				89BBB24318C3E9B300546623 /* AlcatrazSpec.m */,
				89BBB24418C3E9B300546623 /* ATZDownloaderSpec.m */,
				89BBB24518C3E9B300546623 /* ATZInstallerSpec.m */,
				89BBB24618C3E9B300546623 /* ATZPluginInstallerSpec.m */,
				89BBB24718C3E9B300546623 /* Packages */,
			);
			name = Specs;
			path = ../../Specs;
			sourceTree = "<group>";
		};
		89BBB24718C3E9B300546623 /* Packages */ = {
			isa = PBXGroup;
			children = (
				89BBB24818C3E9B300546623 /* ATZPackageFactoryTests.m */,
				89BBB24918C3E9B300546623 /* ATZPackageTests.m */,
			);
			path = Packages;
			sourceTree = "<group>";
		};
		89BBB25018C3EAA200546623 /* Alcatraz */ = {
			isa = PBXGroup;
			children = (
				89BBB25118C3EAA200546623 /* Alcatraz-Info.plist */,
				89BBB25218C3EAA200546623 /* Alcatraz-Prefix.pch */,
				89BBB25318C3EAA200546623 /* Alcatraz.h */,
				89BBB25418C3EAA200546623 /* Alcatraz.m */,
				89BBB25518C3EAA200546623 /* Categories */,
				89BBB25C18C3EAA200546623 /* Controllers */,
				89BBB25F18C3EAA200546623 /* InfoPlist.strings */,
				89BBB26118C3EAA200546623 /* Localizable.strings */,
				89BBB26318C3EAA200546623 /* eye_icon.png */,
				89BBB26418C3EAA200546623 /* eye_icon@2x.png */,
				89BBB26518C3EAA200546623 /* Helpers */,
				89BBB26E18C3EAA200546623 /* Installers */,
				89BBB27B18C3EAA200546623 /* link_icon.png */,
				89BBB27C18C3EAA200546623 /* link_icon@2x.png */,
				89BBB27D18C3EAA200546623 /* Packages */,
				89BBB28E18C3EAA200546623 /* PluginWindow.xib */,
				89BBB28F18C3EAA200546623 /* Views */,
			);
			name = Alcatraz;
			path = ../../Alcatraz;
			sourceTree = "<group>";
		};
		89BBB25518C3EAA200546623 /* Categories */ = {
			isa = PBXGroup;
			children = (
				89BBB25618C3EAA200546623 /* NSColor+Alcatraz.h */,
				89BBB25718C3EAA200546623 /* NSColor+Alcatraz.m */,
				89BBB25818C3EAA200546623 /* NSFileManager+Alcatraz.h */,
				89BBB25918C3EAA200546623 /* NSFileManager+Alcatraz.m */,
				89BBB25A18C3EAA200546623 /* NSImage+Alcatraz.h */,
				89BBB25B18C3EAA200546623 /* NSImage+Alcatraz.m */,
			);
			path = Categories;
			sourceTree = "<group>";
		};
		89BBB25C18C3EAA200546623 /* Controllers */ = {
			isa = PBXGroup;
			children = (
				89BBB25D18C3EAA200546623 /* ATZPluginWindowController.h */,
				89BBB25E18C3EAA200546623 /* ATZPluginWindowController.m */,
			);
			path = Controllers;
			sourceTree = "<group>";
		};
		89BBB26518C3EAA200546623 /* Helpers */ = {
			isa = PBXGroup;
			children = (
				89BBB26618C3EAA200546623 /* ATZDownloader.h */,
				89BBB26718C3EAA200546623 /* ATZDownloader.m */,
				89BBB26818C3EAA200546623 /* ATZGit.h */,
				89BBB26918C3EAA200546623 /* ATZGit.m */,
				89BBB26A18C3EAA200546623 /* ATZPBXProjParser.h */,
				89BBB26B18C3EAA200546623 /* ATZPBXProjParser.m */,
				89BBB26C18C3EAA200546623 /* ATZShell.h */,
				89BBB26D18C3EAA200546623 /* ATZShell.m */,
			);
			path = Helpers;
			sourceTree = "<group>";
		};
		89BBB26E18C3EAA200546623 /* Installers */ = {
			isa = PBXGroup;
			children = (
				89BBB26F18C3EAA200546623 /* ATZColorSchemeInstaller.h */,
				89BBB27018C3EAA200546623 /* ATZColorSchemeInstaller.m */,
				89BBB27118C3EAA200546623 /* ATZFileTemplateInstaller.h */,
				89BBB27218C3EAA200546623 /* ATZFileTemplateInstaller.m */,
				89BBB27318C3EAA200546623 /* ATZInstaller.h */,
				89BBB27418C3EAA200546623 /* ATZInstaller.m */,
				89BBB27518C3EAA200546623 /* ATZPluginInstaller.h */,
				89BBB27618C3EAA200546623 /* ATZPluginInstaller.m */,
				89BBB27718C3EAA200546623 /* ATZProjectTemplateInstaller.h */,
				89BBB27818C3EAA200546623 /* ATZProjectTemplateInstaller.m */,
				89BBB27918C3EAA200546623 /* ATZTemplateInstaller.h */,
				89BBB27A18C3EAA200546623 /* ATZTemplateInstaller.m */,
			);
			path = Installers;
			sourceTree = "<group>";
		};
		89BBB27D18C3EAA200546623 /* Packages */ = {
			isa = PBXGroup;
			children = (
				89BBB27E18C3EAA200546623 /* ATZAlcatrazPackage.h */,
				89BBB27F18C3EAA200546623 /* ATZAlcatrazPackage.m */,
				89BBB28018C3EAA200546623 /* ATZColorScheme.h */,
				89BBB28118C3EAA200546623 /* ATZColorScheme.m */,
				89BBB28218C3EAA200546623 /* ATZFileTemplate.h */,
				89BBB28318C3EAA200546623 /* ATZFileTemplate.m */,
				89BBB28418C3EAA200546623 /* ATZPackage.h */,
				89BBB28518C3EAA200546623 /* ATZPackage.m */,
				89BBB28618C3EAA200546623 /* ATZPackageFactory.h */,
				89BBB28718C3EAA200546623 /* ATZPackageFactory.m */,
				89BBB28818C3EAA200546623 /* ATZPlugin.h */,
				89BBB28918C3EAA200546623 /* ATZPlugin.m */,
				89BBB28A18C3EAA200546623 /* ATZProjectTemplate.h */,
				89BBB28B18C3EAA200546623 /* ATZProjectTemplate.m */,
				89BBB28C18C3EAA200546623 /* ATZTemplate.h */,
				89BBB28D18C3EAA200546623 /* ATZTemplate.m */,
			);
			path = Packages;
			sourceTree = "<group>";
		};
		89BBB28F18C3EAA200546623 /* Views */ = {
			isa = PBXGroup;
			children = (
				89BBB29018C3EAA200546623 /* ATZDetailItemButton.h */,
				89BBB29118C3EAA200546623 /* ATZDetailItemButton.m */,
				89BBB29218C3EAA200546623 /* ATZPackageTableCellView.h */,
				89BBB29318C3EAA200546623 /* ATZPackageTableCellView.m */,
				89BBB29418C3EAA200546623 /* ATZProgressIndicator.h */,
				89BBB29518C3EAA200546623 /* ATZProgressIndicator.m */,
				89BBB29618C3EAA200546623 /* ATZRadialProgressControl.h */,
				89BBB29718C3EAA200546623 /* ATZRadialProgressControl.m */,
				89BBB29818C3EAA200546623 /* ATZSegmentedCell.h */,
				89BBB29918C3EAA200546623 /* ATZSegmentedCell.m */,
				89BBB29C18C3EAA200546623 /* ATZVersionLabel.h */,
				89BBB29D18C3EAA200546623 /* ATZVersionLabel.m */,
			);
			path = Views;
			sourceTree = "<group>";
		};
/* End PBXGroup section */

/* Begin PBXNativeTarget section */
		89BBB20A18C3E99E00546623 /* TestProject */ = {
			isa = PBXNativeTarget;
			buildConfigurationList = 89BBB23C18C3E99E00546623 /* Build configuration list for PBXNativeTarget "TestProject" */;
			buildPhases = (
				89BBB20718C3E99E00546623 /* Sources */,
				89BBB20818C3E99E00546623 /* Frameworks */,
				89BBB20918C3E99E00546623 /* Resources */,
			);
			buildRules = (
			);
			dependencies = (
			);
			name = TestProject;
			productName = TestProject;
			productReference = 89BBB20B18C3E99E00546623 /* TestProject.app */;
			productType = "com.apple.product-type.application";
		};
		89BBB22B18C3E99E00546623 /* TestProjectTests */ = {
			isa = PBXNativeTarget;
			buildConfigurationList = 89BBB23F18C3E99E00546623 /* Build configuration list for PBXNativeTarget "TestProjectTests" */;
			buildPhases = (
				A2FE5948867A43EDAA0C6D3E /* Check Pods Manifest.lock */,
				89BBB22818C3E99E00546623 /* Sources */,
				89BBB22918C3E99E00546623 /* Frameworks */,
				89BBB22A18C3E99E00546623 /* Resources */,
				06BC811D5B3E459BB2D5AD28 /* Copy Pods Resources */,
			);
			buildRules = (
			);
			dependencies = (
				89BBB23118C3E99E00546623 /* PBXTargetDependency */,
			);
			name = TestProjectTests;
			productName = TestProjectTests;
			productReference = 89BBB22C18C3E99E00546623 /* TestProjectTests.xctest */;
			productType = "com.apple.product-type.bundle.unit-test";
		};
/* End PBXNativeTarget section */

/* Begin PBXProject section */
		89BBB20318C3E99E00546623 /* Project object */ = {
			isa = PBXProject;
			attributes = {
				CLASSPREFIX = ATZ;
				LastUpgradeCheck = 0500;
				ORGANIZATIONNAME = "Marin Usalj";
				TargetAttributes = {
					89BBB22B18C3E99E00546623 = {
						TestTargetID = 89BBB20A18C3E99E00546623;
					};
				};
			};
			buildConfigurationList = 89BBB20618C3E99E00546623 /* Build configuration list for PBXProject "TestProject" */;
			compatibilityVersion = "Xcode 3.2";
			developmentRegion = English;
			hasScannedForEncodings = 0;
			knownRegions = (
				en,
				Base,
			);
			mainGroup = 89BBB20218C3E99E00546623;
			productRefGroup = 89BBB20C18C3E99E00546623 /* Products */;
			projectDirPath = "";
			projectRoot = "";
			targets = (
				89BBB20A18C3E99E00546623 /* TestProject */,
				89BBB22B18C3E99E00546623 /* TestProjectTests */,
			);
		};
/* End PBXProject section */

/* Begin PBXResourcesBuildPhase section */
		89BBB20918C3E99E00546623 /* Resources */ = {
			isa = PBXResourcesBuildPhase;
			buildActionMask = 2147483647;
			files = (
				89BBB2B218C3EAA200546623 /* link_icon.png in Resources */,
				89BBB21918C3E99E00546623 /* InfoPlist.strings in Resources */,
				89BBB2A418C3EAA200546623 /* InfoPlist.strings in Resources */,
				89BBB2A618C3EAA200546623 /* eye_icon.png in Resources */,
				89BBB22718C3E99E00546623 /* Images.xcassets in Resources */,
				89BBB2A518C3EAA200546623 /* Localizable.strings in Resources */,
				89BBB21F18C3E99E00546623 /* Credits.rtf in Resources */,
				89BBB2A718C3EAA200546623 /* eye_icon@2x.png in Resources */,
				89BBB2BC18C3EAA200546623 /* PluginWindow.xib in Resources */,
				89BBB29E18C3EAA200546623 /* Alcatraz-Info.plist in Resources */,
				89BBB22518C3E99E00546623 /* MainMenu.xib in Resources */,
				89BBB2B318C3EAA200546623 /* link_icon@2x.png in Resources */,
			);
			runOnlyForDeploymentPostprocessing = 0;
		};
		89BBB22A18C3E99E00546623 /* Resources */ = {
			isa = PBXResourcesBuildPhase;
			buildActionMask = 2147483647;
			files = (
				89BBB23718C3E99E00546623 /* InfoPlist.strings in Resources */,
			);
			runOnlyForDeploymentPostprocessing = 0;
		};
/* End PBXResourcesBuildPhase section */

/* Begin PBXShellScriptBuildPhase section */
		06BC811D5B3E459BB2D5AD28 /* Copy Pods Resources */ = {
			isa = PBXShellScriptBuildPhase;
			buildActionMask = 2147483647;
			files = (
			);
			inputPaths = (
			);
			name = "Copy Pods Resources";
			outputPaths = (
			);
			runOnlyForDeploymentPostprocessing = 0;
			shellPath = /bin/sh;
			shellScript = "\"${SRCROOT}/Pods/Pods-TestProjectTests-resources.sh\"\n";
			showEnvVarsInLog = 0;
		};
		A2FE5948867A43EDAA0C6D3E /* Check Pods Manifest.lock */ = {
			isa = PBXShellScriptBuildPhase;
			buildActionMask = 2147483647;
			files = (
			);
			inputPaths = (
			);
			name = "Check Pods Manifest.lock";
			outputPaths = (
			);
			runOnlyForDeploymentPostprocessing = 0;
			shellPath = /bin/sh;
			shellScript = "diff \"${PODS_ROOT}/../Podfile.lock\" \"${PODS_ROOT}/Manifest.lock\" > /dev/null\nif [[ $? != 0 ]] ; then\n    cat << EOM\nerror: The sandbox is not in sync with the Podfile.lock. Run 'pod install' or update your CocoaPods installation.\nEOM\n    exit 1\nfi\n";
			showEnvVarsInLog = 0;
		};
/* End PBXShellScriptBuildPhase section */

/* Begin PBXSourcesBuildPhase section */
		89BBB20718C3E99E00546623 /* Sources */ = {
			isa = PBXSourcesBuildPhase;
			buildActionMask = 2147483647;
			files = (
				89BBB2AE18C3EAA200546623 /* ATZInstaller.m in Sources */,
				89BBB2C318C3EAA200546623 /* ATZVersionLabel.m in Sources */,
				89BBB2A818C3EAA200546623 /* ATZDownloader.m in Sources */,
				89BBB2AC18C3EAA200546623 /* ATZColorSchemeInstaller.m in Sources */,
				89BBB2B618C3EAA200546623 /* ATZFileTemplate.m in Sources */,
				89BBB22218C3E99E00546623 /* ATZAppDelegate.m in Sources */,
				89BBB2B118C3EAA200546623 /* ATZTemplateInstaller.m in Sources */,
				89BBB2AB18C3EAA200546623 /* ATZShell.m in Sources */,
				89BBB29F18C3EAA200546623 /* Alcatraz.m in Sources */,
				89BBB2A918C3EAA200546623 /* ATZGit.m in Sources */,
				89BBB2B418C3EAA200546623 /* ATZAlcatrazPackage.m in Sources */,
				89BBB2BB18C3EAA200546623 /* ATZTemplate.m in Sources */,
				89BBB2A018C3EAA200546623 /* NSColor+Alcatraz.m in Sources */,
				89BBB2B818C3EAA200546623 /* ATZPackageFactory.m in Sources */,
				89BBB2B918C3EAA200546623 /* ATZPlugin.m in Sources */,
				89BBB2BF18C3EAA200546623 /* ATZProgressIndicator.m in Sources */,
				89BBB2B018C3EAA200546623 /* ATZProjectTemplateInstaller.m in Sources */,
				89BBB2C018C3EAA200546623 /* ATZRadialProgressControl.m in Sources */,
				89BBB2AD18C3EAA200546623 /* ATZFileTemplateInstaller.m in Sources */,
				89BBB21B18C3E99E00546623 /* main.m in Sources */,
				89BBB2B518C3EAA200546623 /* ATZColorScheme.m in Sources */,
				89BBB2BA18C3EAA200546623 /* ATZProjectTemplate.m in Sources */,
				89BBB2BE18C3EAA200546623 /* ATZPackageTableCellView.m in Sources */,
				89BBB2BD18C3EAA200546623 /* ATZDetailItemButton.m in Sources */,
				89BBB2B718C3EAA200546623 /* ATZPackage.m in Sources */,
				89BBB2C118C3EAA200546623 /* ATZSegmentedCell.m in Sources */,
				89BBB2AF18C3EAA200546623 /* ATZPluginInstaller.m in Sources */,
				89BBB2AA18C3EAA200546623 /* ATZPBXProjParser.m in Sources */,
				89BBB2A318C3EAA200546623 /* ATZPluginWindowController.m in Sources */,
				89BBB2A218C3EAA200546623 /* NSImage+Alcatraz.m in Sources */,
				89BBB2A118C3EAA200546623 /* NSFileManager+Alcatraz.m in Sources */,
			);
			runOnlyForDeploymentPostprocessing = 0;
		};
		89BBB22818C3E99E00546623 /* Sources */ = {
			isa = PBXSourcesBuildPhase;
			buildActionMask = 2147483647;
			files = (
				89BBB24B18C3E9B300546623 /* ATZDownloaderSpec.m in Sources */,
				89BBB24F18C3E9B300546623 /* ATZPackageTests.m in Sources */,
				89BBB24C18C3E9B300546623 /* ATZInstallerSpec.m in Sources */,
				89BBB24E18C3E9B300546623 /* ATZPackageFactoryTests.m in Sources */,
				89BBB24D18C3E9B300546623 /* ATZPluginInstallerSpec.m in Sources */,
				89BBB24A18C3E9B300546623 /* AlcatrazSpec.m in Sources */,
			);
			runOnlyForDeploymentPostprocessing = 0;
		};
/* End PBXSourcesBuildPhase section */

/* Begin PBXTargetDependency section */
		89BBB23118C3E99E00546623 /* PBXTargetDependency */ = {
			isa = PBXTargetDependency;
			target = 89BBB20A18C3E99E00546623 /* TestProject */;
			targetProxy = 89BBB23018C3E99E00546623 /* PBXContainerItemProxy */;
		};
/* End PBXTargetDependency section */

/* Begin PBXVariantGroup section */
		89BBB21718C3E99E00546623 /* InfoPlist.strings */ = {
			isa = PBXVariantGroup;
			children = (
				89BBB21818C3E99E00546623 /* en */,
			);
			name = InfoPlist.strings;
			sourceTree = "<group>";
		};
		89BBB21D18C3E99E00546623 /* Credits.rtf */ = {
			isa = PBXVariantGroup;
			children = (
				89BBB21E18C3E99E00546623 /* en */,
			);
			name = Credits.rtf;
			sourceTree = "<group>";
		};
		89BBB22318C3E99E00546623 /* MainMenu.xib */ = {
			isa = PBXVariantGroup;
			children = (
				89BBB22418C3E99E00546623 /* Base */,
			);
			name = MainMenu.xib;
			sourceTree = "<group>";
		};
		89BBB23518C3E99E00546623 /* InfoPlist.strings */ = {
			isa = PBXVariantGroup;
			children = (
				89BBB23618C3E99E00546623 /* en */,
			);
			name = InfoPlist.strings;
			sourceTree = "<group>";
		};
		89BBB25F18C3EAA200546623 /* InfoPlist.strings */ = {
			isa = PBXVariantGroup;
			children = (
				89BBB26018C3EAA200546623 /* en */,
			);
			name = InfoPlist.strings;
			sourceTree = "<group>";
		};
		89BBB26118C3EAA200546623 /* Localizable.strings */ = {
			isa = PBXVariantGroup;
			children = (
				89BBB26218C3EAA200546623 /* en */,
			);
			name = Localizable.strings;
			sourceTree = "<group>";
		};
/* End PBXVariantGroup section */

/* Begin XCBuildConfiguration section */
		89BBB23A18C3E99E00546623 /* Debug */ = {
			isa = XCBuildConfiguration;
			buildSettings = {
				ALWAYS_SEARCH_USER_PATHS = NO;
				CLANG_CXX_LANGUAGE_STANDARD = "gnu++0x";
				CLANG_CXX_LIBRARY = "libc++";
				CLANG_ENABLE_OBJC_ARC = YES;
				CLANG_WARN_BOOL_CONVERSION = YES;
				CLANG_WARN_CONSTANT_CONVERSION = YES;
				CLANG_WARN_DIRECT_OBJC_ISA_USAGE = YES_ERROR;
				CLANG_WARN_EMPTY_BODY = YES;
				CLANG_WARN_ENUM_CONVERSION = YES;
				CLANG_WARN_INT_CONVERSION = YES;
				CLANG_WARN_OBJC_ROOT_CLASS = YES_ERROR;
				CLANG_WARN__DUPLICATE_METHOD_MATCH = YES;
				COPY_PHASE_STRIP = NO;
				GCC_C_LANGUAGE_STANDARD = gnu99;
				GCC_DYNAMIC_NO_PIC = NO;
				GCC_ENABLE_OBJC_EXCEPTIONS = YES;
				GCC_OPTIMIZATION_LEVEL = 0;
				GCC_PREPROCESSOR_DEFINITIONS = (
					"DEBUG=1",
					"$(inherited)",
				);
				GCC_SYMBOLS_PRIVATE_EXTERN = NO;
				GCC_WARN_64_TO_32_BIT_CONVERSION = YES;
				GCC_WARN_ABOUT_RETURN_TYPE = YES_ERROR;
				GCC_WARN_UNDECLARED_SELECTOR = YES;
				GCC_WARN_UNINITIALIZED_AUTOS = YES;
				GCC_WARN_UNUSED_FUNCTION = YES;
				GCC_WARN_UNUSED_VARIABLE = YES;
				MACOSX_DEPLOYMENT_TARGET = 10.9;
				ONLY_ACTIVE_ARCH = YES;
				SDKROOT = macosx;
			};
			name = Debug;
		};
		89BBB23B18C3E99E00546623 /* Release */ = {
			isa = XCBuildConfiguration;
			buildSettings = {
				ALWAYS_SEARCH_USER_PATHS = NO;
				CLANG_CXX_LANGUAGE_STANDARD = "gnu++0x";
				CLANG_CXX_LIBRARY = "libc++";
				CLANG_ENABLE_OBJC_ARC = YES;
				CLANG_WARN_BOOL_CONVERSION = YES;
				CLANG_WARN_CONSTANT_CONVERSION = YES;
				CLANG_WARN_DIRECT_OBJC_ISA_USAGE = YES_ERROR;
				CLANG_WARN_EMPTY_BODY = YES;
				CLANG_WARN_ENUM_CONVERSION = YES;
				CLANG_WARN_INT_CONVERSION = YES;
				CLANG_WARN_OBJC_ROOT_CLASS = YES_ERROR;
				CLANG_WARN__DUPLICATE_METHOD_MATCH = YES;
				COPY_PHASE_STRIP = YES;
				DEBUG_INFORMATION_FORMAT = "dwarf-with-dsym";
				ENABLE_NS_ASSERTIONS = NO;
				GCC_C_LANGUAGE_STANDARD = gnu99;
				GCC_ENABLE_OBJC_EXCEPTIONS = YES;
				GCC_WARN_64_TO_32_BIT_CONVERSION = YES;
				GCC_WARN_ABOUT_RETURN_TYPE = YES_ERROR;
				GCC_WARN_UNDECLARED_SELECTOR = YES;
				GCC_WARN_UNINITIALIZED_AUTOS = YES;
				GCC_WARN_UNUSED_FUNCTION = YES;
				GCC_WARN_UNUSED_VARIABLE = YES;
				MACOSX_DEPLOYMENT_TARGET = 10.9;
				SDKROOT = macosx;
			};
			name = Release;
		};
		89BBB23D18C3E99E00546623 /* Debug */ = {
			isa = XCBuildConfiguration;
			buildSettings = {
				ASSETCATALOG_COMPILER_APPICON_NAME = AppIcon;
				COMBINE_HIDPI_IMAGES = YES;
				GCC_PRECOMPILE_PREFIX_HEADER = YES;
				GCC_PREFIX_HEADER = "TestProject/TestProject-Prefix.pch";
				INFOPLIST_FILE = "TestProject/TestProject-Info.plist";
				PRODUCT_NAME = "$(TARGET_NAME)";
				WRAPPER_EXTENSION = app;
			};
			name = Debug;
		};
		89BBB23E18C3E99E00546623 /* Release */ = {
			isa = XCBuildConfiguration;
			buildSettings = {
				ASSETCATALOG_COMPILER_APPICON_NAME = AppIcon;
				COMBINE_HIDPI_IMAGES = YES;
				GCC_PRECOMPILE_PREFIX_HEADER = YES;
				GCC_PREFIX_HEADER = "TestProject/TestProject-Prefix.pch";
				INFOPLIST_FILE = "TestProject/TestProject-Info.plist";
				PRODUCT_NAME = "$(TARGET_NAME)";
				WRAPPER_EXTENSION = app;
			};
			name = Release;
		};
		89BBB24018C3E99E00546623 /* Debug */ = {
			isa = XCBuildConfiguration;
			baseConfigurationReference = 37EE715908F945E8AD052880 /* Pods-TestProjectTests.xcconfig */;
			buildSettings = {
				BUNDLE_LOADER = "$(BUILT_PRODUCTS_DIR)/TestProject.app/Contents/MacOS/TestProject";
				COMBINE_HIDPI_IMAGES = YES;
				FRAMEWORK_SEARCH_PATHS = (
					"$(DEVELOPER_FRAMEWORKS_DIR)",
					"$(inherited)",
				);
				GCC_PRECOMPILE_PREFIX_HEADER = YES;
				GCC_PREFIX_HEADER = "TestProject/TestProject-Prefix.pch";
				GCC_PREPROCESSOR_DEFINITIONS = (
					"DEBUG=1",
					"$(inherited)",
				);
				GCC_WARN_UNDECLARED_SELECTOR = NO;
				INFOPLIST_FILE = "TestProjectTests/TestProjectTests-Info.plist";
				PRODUCT_NAME = "$(TARGET_NAME)";
				TEST_HOST = "$(BUNDLE_LOADER)";
				WRAPPER_EXTENSION = xctest;
			};
			name = Debug;
		};
		89BBB24118C3E99E00546623 /* Release */ = {
			isa = XCBuildConfiguration;
			baseConfigurationReference = 37EE715908F945E8AD052880 /* Pods-TestProjectTests.xcconfig */;
			buildSettings = {
				BUNDLE_LOADER = "$(BUILT_PRODUCTS_DIR)/TestProject.app/Contents/MacOS/TestProject";
				COMBINE_HIDPI_IMAGES = YES;
				FRAMEWORK_SEARCH_PATHS = (
					"$(DEVELOPER_FRAMEWORKS_DIR)",
					"$(inherited)",
				);
				GCC_PRECOMPILE_PREFIX_HEADER = YES;
				GCC_PREFIX_HEADER = "TestProject/TestProject-Prefix.pch";
				GCC_WARN_UNDECLARED_SELECTOR = NO;
				INFOPLIST_FILE = "TestProjectTests/TestProjectTests-Info.plist";
				PRODUCT_NAME = "$(TARGET_NAME)";
				TEST_HOST = "$(BUNDLE_LOADER)";
				WRAPPER_EXTENSION = xctest;
			};
			name = Release;
		};
/* End XCBuildConfiguration section */

/* Begin XCConfigurationList section */
		89BBB20618C3E99E00546623 /* Build configuration list for PBXProject "TestProject" */ = {
			isa = XCConfigurationList;
			buildConfigurations = (
				89BBB23A18C3E99E00546623 /* Debug */,
				89BBB23B18C3E99E00546623 /* Release */,
			);
			defaultConfigurationIsVisible = 0;
			defaultConfigurationName = Release;
		};
		89BBB23C18C3E99E00546623 /* Build configuration list for PBXNativeTarget "TestProject" */ = {
			isa = XCConfigurationList;
			buildConfigurations = (
				89BBB23D18C3E99E00546623 /* Debug */,
				89BBB23E18C3E99E00546623 /* Release */,
			);
			defaultConfigurationIsVisible = 0;
			defaultConfigurationName = Release;
		};
		89BBB23F18C3E99E00546623 /* Build configuration list for PBXNativeTarget "TestProjectTests" */ = {
			isa = XCConfigurationList;
			buildConfigurations = (
				89BBB24018C3E99E00546623 /* Debug */,
				89BBB24118C3E99E00546623 /* Release */,
			);
			defaultConfigurationIsVisible = 0;
			defaultConfigurationName = Release;
		};
/* End XCConfigurationList section */
	};
	rootObject = 89BBB20318C3E99E00546623 /* Project object */;
}
